{
  "version": 4,
  "terraform_version": "1.2.6",
  "serial": 45,
  "lineage": "7e7ceead-a7fa-f6b2-65fd-d61d55d7689e",
  "outputs": {
    "db_password": {
      "value": "admin12345678",
      "type": "string",
      "sensitive": true
    },
    "lb_dns_name": {
      "value": "my-cool-project-1232984870.us-east-1.elb.amazonaws.com",
      "type": "string"
    }
  },
  "resources": [
    {
      "module": "module.autoscaling",
      "mode": "data",
      "type": "aws_ami",
      "name": "ubuntu",
      "provider": "provider[\"registry.terraform.io/hashicorp/aws\"]",
      "instances": [
        {
          "schema_version": 0,
          "attributes": {
            "architecture": "x86_64",
            "arn": "arn:aws:ec2:us-east-1::image/ami-09499f802f26db67e",
            "block_device_mappings": [
              {
                "device_name": "/dev/sda1",
                "ebs": {
                  "delete_on_termination": "true",
                  "encrypted": "false",
                  "iops": "0",
                  "snapshot_id": "snap-04e7b109a67fb67b8",
                  "throughput": "0",
                  "volume_size": "8",
                  "volume_type": "gp2"
                },
                "no_device": "",
                "virtual_name": ""
              },
              {
                "device_name": "/dev/sdb",
                "ebs": {},
                "no_device": "",
                "virtual_name": "ephemeral0"
              },
              {
                "device_name": "/dev/sdc",
                "ebs": {},
                "no_device": "",
                "virtual_name": "ephemeral1"
              }
            ],
            "creation_date": "2022-08-05T18:45:39.000Z",
            "description": "Canonical, Ubuntu, 18.04 LTS, amd64 bionic image build on 2022-08-05",
            "ena_support": true,
            "executable_users": null,
            "filter": [
              {
                "name": "name",
                "values": [
                  "ubuntu/images/hvm-ssd/ubuntu-bionic-18.04-amd64-server-*"
                ]
              }
            ],
            "hypervisor": "xen",
            "id": "ami-09499f802f26db67e",
            "image_id": "ami-09499f802f26db67e",
            "image_location": "099720109477/ubuntu/images/hvm-ssd/ubuntu-bionic-18.04-amd64-server-20220805",
            "image_owner_alias": null,
            "image_type": "machine",
            "kernel_id": null,
            "most_recent": true,
            "name": "ubuntu/images/hvm-ssd/ubuntu-bionic-18.04-amd64-server-20220805",
            "name_regex": null,
            "owner_id": "099720109477",
            "owners": [
              "099720109477"
            ],
            "platform": null,
            "platform_details": "Linux/UNIX",
            "product_codes": [],
            "public": true,
            "ramdisk_id": null,
            "root_device_name": "/dev/sda1",
            "root_device_type": "ebs",
            "root_snapshot_id": "snap-04e7b109a67fb67b8",
            "sriov_net_support": "simple",
            "state": "available",
            "state_reason": {
              "code": "UNSET",
              "message": "UNSET"
            },
            "tags": {},
            "usage_operation": "RunInstances",
            "virtualization_type": "hvm"
          },
          "sensitive_attributes": []
        }
      ]
    },
    {
      "module": "module.autoscaling",
      "mode": "data",
      "type": "cloudinit_config",
      "name": "config",
      "provider": "provider[\"registry.terraform.io/hashicorp/cloudinit\"]",
      "instances": [
        {
          "schema_version": 0,
          "attributes": {
            "base64_encode": true,
            "boundary": "MIMEBOUNDARY",
            "gzip": true,
            "id": "3169572881",
            "part": [
              {
                "content": "#cloud-config\r\nwrite_files:\r\n  -   path: /etc/server.conf\r\n      owner: root:root\r\n      permissions: \"0644\"\r\n      content: |\r\n        {\r\n          \"user\":  \"admin\",\r\n          \"password\": \"admin12345678\",\r\n          \"database\": \"pets\",\r\n          \"netloc\": \"my-cool-project-db-instance.cyyrz1j3dt4l.us-east-1.rds.amazonaws.com:3306\"\r\n        }\r\nruncmd:\r\n  - curl -sL https://api.github.com/repos/scottwinkler/vanilla-webserver-src/releases/latest | jq -r \".assets[].browser_download_url\" | wget -qi - \r\n  - unzip deployment.zip\r\n  - ./deployment/server\r\npackages:\r\n  - jq\r\n  - wget\r\n  - unzip ",
                "content_type": "text/cloud-config",
                "filename": "",
                "merge_type": ""
              }
            ],
            "rendered": "H4sIAAAAAAAA/2SSTW/UPBDH75HyHUZ5ro/jLru0yIgDLz0gUZAQICGEKseebr11bHdm0jRL+e4obF+XHGJ7fn/PfzSetzkJJlFfpoIG+iFKKJZE9+Ea/Uvo8pC8pelVc/L+5PjNp68f373+/L2p5pP6hsQhJwOL9qCu6kqpx6K6us9NNvEZkjpOLvuQ1gaOuiCPBH/NBa9Fu5gHr1xOZ2FdVyehx39s/nuqGSkInp6FiGzqCkABQLFybkCjOM1IV0jtrJ7p/OUxIRmgnMXMv7t4QeoDz15soDk4XK2aO+R2lRq4uYsA/HrYAjQDIzUGoLG+D6n5/wkslnnM5BtzyxfPlqvnh0cv9nTeiu0s46wrKLyHE0rMbob9pFzOURXKG3SifKdCYrHJYeumibaLzdLLKrYDK7QsatGS59b2dpuTHbl1uTfL5cFh82Dwu65oSK73t210A0VQ/AHORQobrW0J7TrI+dDN1zVhyazZZZExpIuIpK9sCjFaNWK367ticpowomVkHa0gC9zA5hIUQdNaZhT+8bPtKI+MdOrzmGK2/nSg2MANjGsUUJcBFOyKGtI2FPBYYp56TNJuQ9mRVj9Eb1+9rop1F3Z9Pxmby906p32cb392laqrPwEAAP//8ryf1BoDAAA="
          },
          "sensitive_attributes": [
            [
              {
                "type": "get_attr",
                "value": "part"
              },
              {
                "type": "index",
                "value": {
                  "value": 0,
                  "type": "number"
                }
              },
              {
                "type": "get_attr",
                "value": "content"
              }
            ]
          ]
        }
      ]
    },
    {
      "module": "module.autoscaling",
      "mode": "managed",
      "type": "aws_autoscaling_group",
      "name": "webserver",
      "provider": "provider[\"registry.terraform.io/hashicorp/aws\"]",
      "instances": [
        {
          "schema_version": 0,
          "attributes": {
            "arn": "arn:aws:autoscaling:us-east-1:151456088802:autoScalingGroup:935232ef-291a-42ce-a6ce-21cb08940bdf:autoScalingGroupName/my-cool-project-asg",
            "availability_zones": [
              "us-east-1a",
              "us-east-1b",
              "us-east-1c"
            ],
            "capacity_rebalance": false,
            "default_cooldown": 300,
            "desired_capacity": 1,
            "enabled_metrics": null,
            "force_delete": false,
            "force_delete_warm_pool": false,
            "health_check_grace_period": 300,
            "health_check_type": "EC2",
            "id": "my-cool-project-asg",
            "initial_lifecycle_hook": [],
            "instance_refresh": [],
            "launch_configuration": "",
            "launch_template": [
              {
                "id": "lt-0e88aa83f0a6ffd98",
                "name": "my-cool-project20220810105317449700000001",
                "version": "1"
              }
            ],
            "load_balancers": null,
            "max_instance_lifetime": 0,
            "max_size": 3,
            "metrics_granularity": "1Minute",
            "min_elb_capacity": null,
            "min_size": 1,
            "mixed_instances_policy": [],
            "name": "my-cool-project-asg",
            "name_prefix": "",
            "placement_group": "",
            "protect_from_scale_in": false,
            "service_linked_role_arn": "arn:aws:iam::151456088802:role/aws-service-role/autoscaling.amazonaws.com/AWSServiceRoleForAutoScaling",
            "suspended_processes": null,
            "tag": [],
            "tags": null,
            "target_group_arns": [
              "arn:aws:elasticloadbalancing:us-east-1:151456088802:targetgroup/websvr20220810103436886500000007/52a6c1027b793a88"
            ],
            "termination_policies": null,
            "timeouts": null,
            "vpc_zone_identifier": [
              "subnet-04a34f79a0e10e6e6",
              "subnet-0739fc8c008db7779",
              "subnet-0f601a5e20583fe6e"
            ],
            "wait_for_capacity_timeout": "10m",
            "wait_for_elb_capacity": null,
            "warm_pool": []
          },
          "sensitive_attributes": [],
          "private": "eyJlMmJmYjczMC1lY2FhLTExZTYtOGY4OC0zNDM2M2JjN2M0YzAiOnsiZGVsZXRlIjo2MDAwMDAwMDAwMDB9fQ==",
          "dependencies": [
            "module.autoscaling.aws_launch_template.webserver",
            "module.autoscaling.data.aws_ami.ubuntu",
            "module.autoscaling.data.cloudinit_config.config",
            "module.autoscaling.module.alb.aws_lb_target_group.main",
            "module.autoscaling.module.iam_instance_profile.aws_iam_instance_profile.iam_instance_profile",
            "module.database.aws_db_instance.database",
            "module.networking.data.aws_availability_zones.available",
            "module.networking.module.db_sg.aws_security_group.security_group",
            "module.networking.module.lb_sg.aws_security_group.security_group",
            "module.networking.module.vpc.aws_cloudwatch_log_group.flow_log",
            "module.networking.module.vpc.aws_customer_gateway.this",
            "module.networking.module.vpc.aws_db_subnet_group.database",
            "module.networking.module.vpc.aws_default_network_acl.this",
            "module.networking.module.vpc.aws_default_security_group.this",
            "module.networking.module.vpc.aws_default_vpc.this",
            "module.networking.module.vpc.aws_egress_only_internet_gateway.this",
            "module.networking.module.vpc.aws_eip.nat",
            "module.networking.module.vpc.aws_elasticache_subnet_group.elasticache",
            "module.networking.module.vpc.aws_flow_log.this",
            "module.networking.module.vpc.aws_iam_policy.vpc_flow_log_cloudwatch",
            "module.networking.module.vpc.aws_iam_role.vpc_flow_log_cloudwatch",
            "module.networking.module.vpc.aws_iam_role_policy_attachment.vpc_flow_log_cloudwatch",
            "module.networking.module.vpc.aws_internet_gateway.this",
            "module.networking.module.vpc.aws_nat_gateway.this",
            "module.networking.module.vpc.aws_network_acl.database",
            "module.networking.module.vpc.aws_network_acl.elasticache",
            "module.networking.module.vpc.aws_network_acl.intra",
            "module.networking.module.vpc.aws_network_acl.private",
            "module.networking.module.vpc.aws_network_acl.public",
            "module.networking.module.vpc.aws_network_acl.redshift",
            "module.networking.module.vpc.aws_network_acl_rule.database_inbound",
            "module.networking.module.vpc.aws_network_acl_rule.database_outbound",
            "module.networking.module.vpc.aws_network_acl_rule.elasticache_inbound",
            "module.networking.module.vpc.aws_network_acl_rule.elasticache_outbound",
            "module.networking.module.vpc.aws_network_acl_rule.intra_inbound",
            "module.networking.module.vpc.aws_network_acl_rule.intra_outbound",
            "module.networking.module.vpc.aws_network_acl_rule.private_inbound",
            "module.networking.module.vpc.aws_network_acl_rule.private_outbound",
            "module.networking.module.vpc.aws_network_acl_rule.public_inbound",
            "module.networking.module.vpc.aws_network_acl_rule.public_outbound",
            "module.networking.module.vpc.aws_network_acl_rule.redshift_inbound",
            "module.networking.module.vpc.aws_network_acl_rule.redshift_outbound",
            "module.networking.module.vpc.aws_redshift_subnet_group.redshift",
            "module.networking.module.vpc.aws_route.database_internet_gateway",
            "module.networking.module.vpc.aws_route.database_ipv6_egress",
            "module.networking.module.vpc.aws_route.database_nat_gateway",
            "module.networking.module.vpc.aws_route.private_ipv6_egress",
            "module.networking.module.vpc.aws_route.private_nat_gateway",
            "module.networking.module.vpc.aws_route.public_internet_gateway",
            "module.networking.module.vpc.aws_route.public_internet_gateway_ipv6",
            "module.networking.module.vpc.aws_route_table.database",
            "module.networking.module.vpc.aws_route_table.elasticache",
            "module.networking.module.vpc.aws_route_table.intra",
            "module.networking.module.vpc.aws_route_table.private",
            "module.networking.module.vpc.aws_route_table.public",
            "module.networking.module.vpc.aws_route_table.redshift",
            "module.networking.module.vpc.aws_route_table_association.database",
            "module.networking.module.vpc.aws_route_table_association.elasticache",
            "module.networking.module.vpc.aws_route_table_association.intra",
            "module.networking.module.vpc.aws_route_table_association.private",
            "module.networking.module.vpc.aws_route_table_association.public",
            "module.networking.module.vpc.aws_route_table_association.redshift",
            "module.networking.module.vpc.aws_route_table_association.redshift_public",
            "module.networking.module.vpc.aws_subnet.database",
            "module.networking.module.vpc.aws_subnet.elasticache",
            "module.networking.module.vpc.aws_subnet.intra",
            "module.networking.module.vpc.aws_subnet.private",
            "module.networking.module.vpc.aws_subnet.public",
            "module.networking.module.vpc.aws_subnet.redshift",
            "module.networking.module.vpc.aws_vpc.this",
            "module.networking.module.vpc.aws_vpc_dhcp_options.this",
            "module.networking.module.vpc.aws_vpc_dhcp_options_association.this",
            "module.networking.module.vpc.aws_vpc_endpoint.access_analyzer",
            "module.networking.module.vpc.aws_vpc_endpoint.acm_pca",
            "module.networking.module.vpc.aws_vpc_endpoint.apigw",
            "module.networking.module.vpc.aws_vpc_endpoint.appmesh_envoy_management",
            "module.networking.module.vpc.aws_vpc_endpoint.appstream_api",
            "module.networking.module.vpc.aws_vpc_endpoint.appstream_streaming",
            "module.networking.module.vpc.aws_vpc_endpoint.athena",
            "module.networking.module.vpc.aws_vpc_endpoint.auto_scaling_plans",
            "module.networking.module.vpc.aws_vpc_endpoint.cloud_directory",
            "module.networking.module.vpc.aws_vpc_endpoint.cloudformation",
            "module.networking.module.vpc.aws_vpc_endpoint.cloudtrail",
            "module.networking.module.vpc.aws_vpc_endpoint.codeartifact_api",
            "module.networking.module.vpc.aws_vpc_endpoint.codeartifact_repositories",
            "module.networking.module.vpc.aws_vpc_endpoint.codebuild",
            "module.networking.module.vpc.aws_vpc_endpoint.codecommit",
            "module.networking.module.vpc.aws_vpc_endpoint.codedeploy",
            "module.networking.module.vpc.aws_vpc_endpoint.codedeploy_commands_secure",
            "module.networking.module.vpc.aws_vpc_endpoint.codepipeline",
            "module.networking.module.vpc.aws_vpc_endpoint.config",
            "module.networking.module.vpc.aws_vpc_endpoint.datasync",
            "module.networking.module.vpc.aws_vpc_endpoint.dynamodb",
            "module.networking.module.vpc.aws_vpc_endpoint.ebs",
            "module.networking.module.vpc.aws_vpc_endpoint.ec2",
            "module.networking.module.vpc.aws_vpc_endpoint.ec2_autoscaling",
            "module.networking.module.vpc.aws_vpc_endpoint.ec2messages",
            "module.networking.module.vpc.aws_vpc_endpoint.ecr_api",
            "module.networking.module.vpc.aws_vpc_endpoint.ecr_dkr",
            "module.networking.module.vpc.aws_vpc_endpoint.ecs",
            "module.networking.module.vpc.aws_vpc_endpoint.ecs_agent",
            "module.networking.module.vpc.aws_vpc_endpoint.ecs_telemetry",
            "module.networking.module.vpc.aws_vpc_endpoint.efs",
            "module.networking.module.vpc.aws_vpc_endpoint.elastic_inference_runtime",
            "module.networking.module.vpc.aws_vpc_endpoint.elasticbeanstalk",
            "module.networking.module.vpc.aws_vpc_endpoint.elasticbeanstalk_health",
            "module.networking.module.vpc.aws_vpc_endpoint.elasticloadbalancing",
            "module.networking.module.vpc.aws_vpc_endpoint.emr",
            "module.networking.module.vpc.aws_vpc_endpoint.events",
            "module.networking.module.vpc.aws_vpc_endpoint.git_codecommit",
            "module.networking.module.vpc.aws_vpc_endpoint.glue",
            "module.networking.module.vpc.aws_vpc_endpoint.kinesis_firehose",
            "module.networking.module.vpc.aws_vpc_endpoint.kinesis_streams",
            "module.networking.module.vpc.aws_vpc_endpoint.kms",
            "module.networking.module.vpc.aws_vpc_endpoint.lambda",
            "module.networking.module.vpc.aws_vpc_endpoint.logs",
            "module.networking.module.vpc.aws_vpc_endpoint.monitoring",
            "module.networking.module.vpc.aws_vpc_endpoint.qldb_session",
            "module.networking.module.vpc.aws_vpc_endpoint.rds",
            "module.networking.module.vpc.aws_vpc_endpoint.rekognition",
            "module.networking.module.vpc.aws_vpc_endpoint.s3",
            "module.networking.module.vpc.aws_vpc_endpoint.sagemaker_api",
            "module.networking.module.vpc.aws_vpc_endpoint.sagemaker_notebook",
            "module.networking.module.vpc.aws_vpc_endpoint.sagemaker_runtime",
            "module.networking.module.vpc.aws_vpc_endpoint.secretsmanager",
            "module.networking.module.vpc.aws_vpc_endpoint.servicecatalog",
            "module.networking.module.vpc.aws_vpc_endpoint.ses",
            "module.networking.module.vpc.aws_vpc_endpoint.sms",
            "module.networking.module.vpc.aws_vpc_endpoint.sns",
            "module.networking.module.vpc.aws_vpc_endpoint.sqs",
            "module.networking.module.vpc.aws_vpc_endpoint.ssm",
            "module.networking.module.vpc.aws_vpc_endpoint.ssmmessages",
            "module.networking.module.vpc.aws_vpc_endpoint.states",
            "module.networking.module.vpc.aws_vpc_endpoint.storagegateway",
            "module.networking.module.vpc.aws_vpc_endpoint.sts",
            "module.networking.module.vpc.aws_vpc_endpoint.textract",
            "module.networking.module.vpc.aws_vpc_endpoint.transfer",
            "module.networking.module.vpc.aws_vpc_endpoint.transferserver",
            "module.networking.module.vpc.aws_vpc_endpoint.workspaces",
            "module.networking.module.vpc.aws_vpc_endpoint_route_table_association.intra_dynamodb",
            "module.networking.module.vpc.aws_vpc_endpoint_route_table_association.intra_s3",
            "module.networking.module.vpc.aws_vpc_endpoint_route_table_association.private_dynamodb",
            "module.networking.module.vpc.aws_vpc_endpoint_route_table_association.private_s3",
            "module.networking.module.vpc.aws_vpc_endpoint_route_table_association.public_dynamodb",
            "module.networking.module.vpc.aws_vpc_endpoint_route_table_association.public_s3",
            "module.networking.module.vpc.aws_vpc_ipv4_cidr_block_association.this",
            "module.networking.module.vpc.aws_vpn_gateway.this",
            "module.networking.module.vpc.aws_vpn_gateway_attachment.this",
            "module.networking.module.vpc.aws_vpn_gateway_route_propagation.intra",
            "module.networking.module.vpc.aws_vpn_gateway_route_propagation.private",
            "module.networking.module.vpc.aws_vpn_gateway_route_propagation.public",
            "module.networking.module.vpc.data.aws_iam_policy_document.flow_log_cloudwatch_assume_role",
            "module.networking.module.vpc.data.aws_iam_policy_document.vpc_flow_log_cloudwatch",
            "module.networking.module.vpc.data.aws_vpc_endpoint_service.access_analyzer",
            "module.networking.module.vpc.data.aws_vpc_endpoint_service.acm_pca",
            "module.networking.module.vpc.data.aws_vpc_endpoint_service.apigw",
            "module.networking.module.vpc.data.aws_vpc_endpoint_service.appmesh_envoy_management",
            "module.networking.module.vpc.data.aws_vpc_endpoint_service.appstream_api",
            "module.networking.module.vpc.data.aws_vpc_endpoint_service.appstream_streaming",
            "module.networking.module.vpc.data.aws_vpc_endpoint_service.athena",
            "module.networking.module.vpc.data.aws_vpc_endpoint_service.auto_scaling_plans",
            "module.networking.module.vpc.data.aws_vpc_endpoint_service.cloud_directory",
            "module.networking.module.vpc.data.aws_vpc_endpoint_service.cloudformation",
            "module.networking.module.vpc.data.aws_vpc_endpoint_service.cloudtrail",
            "module.networking.module.vpc.data.aws_vpc_endpoint_service.codeartifact_api",
            "module.networking.module.vpc.data.aws_vpc_endpoint_service.codeartifact_repositories",
            "module.networking.module.vpc.data.aws_vpc_endpoint_service.codebuild",
            "module.networking.module.vpc.data.aws_vpc_endpoint_service.codecommit",
            "module.networking.module.vpc.data.aws_vpc_endpoint_service.codedeploy",
            "module.networking.module.vpc.data.aws_vpc_endpoint_service.codedeploy_commands_secure",
            "module.networking.module.vpc.data.aws_vpc_endpoint_service.codepipeline",
            "module.networking.module.vpc.data.aws_vpc_endpoint_service.config",
            "module.networking.module.vpc.data.aws_vpc_endpoint_service.datasync",
            "module.networking.module.vpc.data.aws_vpc_endpoint_service.dynamodb",
            "module.networking.module.vpc.data.aws_vpc_endpoint_service.ebs",
            "module.networking.module.vpc.data.aws_vpc_endpoint_service.ec2",
            "module.networking.module.vpc.data.aws_vpc_endpoint_service.ec2_autoscaling",
            "module.networking.module.vpc.data.aws_vpc_endpoint_service.ec2messages",
            "module.networking.module.vpc.data.aws_vpc_endpoint_service.ecr_api",
            "module.networking.module.vpc.data.aws_vpc_endpoint_service.ecr_dkr",
            "module.networking.module.vpc.data.aws_vpc_endpoint_service.ecs",
            "module.networking.module.vpc.data.aws_vpc_endpoint_service.ecs_agent",
            "module.networking.module.vpc.data.aws_vpc_endpoint_service.ecs_telemetry",
            "module.networking.module.vpc.data.aws_vpc_endpoint_service.efs",
            "module.networking.module.vpc.data.aws_vpc_endpoint_service.elastic_inference_runtime",
            "module.networking.module.vpc.data.aws_vpc_endpoint_service.elasticbeanstalk",
            "module.networking.module.vpc.data.aws_vpc_endpoint_service.elasticbeanstalk_health",
            "module.networking.module.vpc.data.aws_vpc_endpoint_service.elasticloadbalancing",
            "module.networking.module.vpc.data.aws_vpc_endpoint_service.emr",
            "module.networking.module.vpc.data.aws_vpc_endpoint_service.events",
            "module.networking.module.vpc.data.aws_vpc_endpoint_service.git_codecommit",
            "module.networking.module.vpc.data.aws_vpc_endpoint_service.glue",
            "module.networking.module.vpc.data.aws_vpc_endpoint_service.kinesis_firehose",
            "module.networking.module.vpc.data.aws_vpc_endpoint_service.kinesis_streams",
            "module.networking.module.vpc.data.aws_vpc_endpoint_service.kms",
            "module.networking.module.vpc.data.aws_vpc_endpoint_service.lambda",
            "module.networking.module.vpc.data.aws_vpc_endpoint_service.logs",
            "module.networking.module.vpc.data.aws_vpc_endpoint_service.monitoring",
            "module.networking.module.vpc.data.aws_vpc_endpoint_service.qldb_session",
            "module.networking.module.vpc.data.aws_vpc_endpoint_service.rds",
            "module.networking.module.vpc.data.aws_vpc_endpoint_service.rekognition",
            "module.networking.module.vpc.data.aws_vpc_endpoint_service.s3",
            "module.networking.module.vpc.data.aws_vpc_endpoint_service.sagemaker_api",
            "module.networking.module.vpc.data.aws_vpc_endpoint_service.sagemaker_notebook",
            "module.networking.module.vpc.data.aws_vpc_endpoint_service.sagemaker_runtime",
            "module.networking.module.vpc.data.aws_vpc_endpoint_service.secretsmanager",
            "module.networking.module.vpc.data.aws_vpc_endpoint_service.servicecatalog",
            "module.networking.module.vpc.data.aws_vpc_endpoint_service.ses",
            "module.networking.module.vpc.data.aws_vpc_endpoint_service.sms",
            "module.networking.module.vpc.data.aws_vpc_endpoint_service.sns",
            "module.networking.module.vpc.data.aws_vpc_endpoint_service.sqs",
            "module.networking.module.vpc.data.aws_vpc_endpoint_service.ssm",
            "module.networking.module.vpc.data.aws_vpc_endpoint_service.ssmmessages",
            "module.networking.module.vpc.data.aws_vpc_endpoint_service.states",
            "module.networking.module.vpc.data.aws_vpc_endpoint_service.storagegateway",
            "module.networking.module.vpc.data.aws_vpc_endpoint_service.sts",
            "module.networking.module.vpc.data.aws_vpc_endpoint_service.textract",
            "module.networking.module.vpc.data.aws_vpc_endpoint_service.transfer",
            "module.networking.module.vpc.data.aws_vpc_endpoint_service.transferserver",
            "module.networking.module.vpc.data.aws_vpc_endpoint_service.workspaces",
            "module.networking.module.websvr_sg.aws_security_group.security_group"
          ]
        }
      ]
    },
    {
      "module": "module.autoscaling",
      "mode": "managed",
      "type": "aws_launch_template",
      "name": "webserver",
      "provider": "provider[\"registry.terraform.io/hashicorp/aws\"]",
      "instances": [
        {
          "schema_version": 0,
          "attributes": {
            "arn": "arn:aws:ec2:us-east-1:151456088802:launch-template/lt-0e88aa83f0a6ffd98",
            "block_device_mappings": [],
            "capacity_reservation_specification": [],
            "cpu_options": [],
            "credit_specification": [],
            "default_version": 1,
            "description": "",
            "disable_api_termination": false,
            "ebs_optimized": "",
            "elastic_gpu_specifications": [],
            "elastic_inference_accelerator": [],
            "enclave_options": [],
            "hibernation_options": [],
            "iam_instance_profile": [
              {
                "arn": "",
                "name": "terraform-20220810103000488100000003"
              }
            ],
            "id": "lt-0e88aa83f0a6ffd98",
            "image_id": "ami-09499f802f26db67e",
            "instance_initiated_shutdown_behavior": "",
            "instance_market_options": [],
            "instance_type": "t2.micro",
            "kernel_id": "",
            "key_name": "",
            "latest_version": 1,
            "license_specification": [],
            "metadata_options": [],
            "monitoring": [],
            "name": "my-cool-project20220810105317449700000001",
            "name_prefix": "my-cool-project",
            "network_interfaces": [],
            "placement": [],
            "ram_disk_id": "",
            "security_group_names": null,
            "tag_specifications": [],
            "tags": null,
            "tags_all": {},
            "update_default_version": null,
            "user_data": "H4sIAAAAAAAA/2SSTW/UPBDH75HyHUZ5ro/jLru0yIgDLz0gUZAQICGEKseebr11bHdm0jRL+e4obF+XHGJ7fn/PfzSetzkJJlFfpoIG+iFKKJZE9+Ea/Uvo8pC8pelVc/L+5PjNp68f373+/L2p5pP6hsQhJwOL9qCu6kqpx6K6us9NNvEZkjpOLvuQ1gaOuiCPBH/NBa9Fu5gHr1xOZ2FdVyehx39s/nuqGSkInp6FiGzqCkABQLFybkCjOM1IV0jtrJ7p/OUxIRmgnMXMv7t4QeoDz15soDk4XK2aO+R2lRq4uYsA/HrYAjQDIzUGoLG+D6n5/wkslnnM5BtzyxfPlqvnh0cv9nTeiu0s46wrKLyHE0rMbob9pFzOURXKG3SifKdCYrHJYeumibaLzdLLKrYDK7QsatGS59b2dpuTHbl1uTfL5cFh82Dwu65oSK73t210A0VQ/AHORQobrW0J7TrI+dDN1zVhyazZZZExpIuIpK9sCjFaNWK367ticpowomVkHa0gC9zA5hIUQdNaZhT+8bPtKI+MdOrzmGK2/nSg2MANjGsUUJcBFOyKGtI2FPBYYp56TNJuQ9mRVj9Eb1+9rop1F3Z9Pxmby906p32cb392laqrPwEAAP//8ryf1BoDAAA=",
            "vpc_security_group_ids": [
              "sg-0924a388fbeab087e"
            ]
          },
          "sensitive_attributes": [],
          "private": "bnVsbA==",
          "dependencies": [
            "module.autoscaling.data.aws_ami.ubuntu",
            "module.autoscaling.data.cloudinit_config.config",
            "module.autoscaling.module.iam_instance_profile.aws_iam_instance_profile.iam_instance_profile",
            "module.database.aws_db_instance.database",
            "module.networking.data.aws_availability_zones.available",
            "module.networking.module.db_sg.aws_security_group.security_group",
            "module.networking.module.lb_sg.aws_security_group.security_group",
            "module.networking.module.vpc.aws_cloudwatch_log_group.flow_log",
            "module.networking.module.vpc.aws_customer_gateway.this",
            "module.networking.module.vpc.aws_db_subnet_group.database",
            "module.networking.module.vpc.aws_default_network_acl.this",
            "module.networking.module.vpc.aws_default_security_group.this",
            "module.networking.module.vpc.aws_default_vpc.this",
            "module.networking.module.vpc.aws_egress_only_internet_gateway.this",
            "module.networking.module.vpc.aws_eip.nat",
            "module.networking.module.vpc.aws_elasticache_subnet_group.elasticache",
            "module.networking.module.vpc.aws_flow_log.this",
            "module.networking.module.vpc.aws_iam_policy.vpc_flow_log_cloudwatch",
            "module.networking.module.vpc.aws_iam_role.vpc_flow_log_cloudwatch",
            "module.networking.module.vpc.aws_iam_role_policy_attachment.vpc_flow_log_cloudwatch",
            "module.networking.module.vpc.aws_internet_gateway.this",
            "module.networking.module.vpc.aws_nat_gateway.this",
            "module.networking.module.vpc.aws_network_acl.database",
            "module.networking.module.vpc.aws_network_acl.elasticache",
            "module.networking.module.vpc.aws_network_acl.intra",
            "module.networking.module.vpc.aws_network_acl.private",
            "module.networking.module.vpc.aws_network_acl.public",
            "module.networking.module.vpc.aws_network_acl.redshift",
            "module.networking.module.vpc.aws_network_acl_rule.database_inbound",
            "module.networking.module.vpc.aws_network_acl_rule.database_outbound",
            "module.networking.module.vpc.aws_network_acl_rule.elasticache_inbound",
            "module.networking.module.vpc.aws_network_acl_rule.elasticache_outbound",
            "module.networking.module.vpc.aws_network_acl_rule.intra_inbound",
            "module.networking.module.vpc.aws_network_acl_rule.intra_outbound",
            "module.networking.module.vpc.aws_network_acl_rule.private_inbound",
            "module.networking.module.vpc.aws_network_acl_rule.private_outbound",
            "module.networking.module.vpc.aws_network_acl_rule.public_inbound",
            "module.networking.module.vpc.aws_network_acl_rule.public_outbound",
            "module.networking.module.vpc.aws_network_acl_rule.redshift_inbound",
            "module.networking.module.vpc.aws_network_acl_rule.redshift_outbound",
            "module.networking.module.vpc.aws_redshift_subnet_group.redshift",
            "module.networking.module.vpc.aws_route.database_internet_gateway",
            "module.networking.module.vpc.aws_route.database_ipv6_egress",
            "module.networking.module.vpc.aws_route.database_nat_gateway",
            "module.networking.module.vpc.aws_route.private_ipv6_egress",
            "module.networking.module.vpc.aws_route.private_nat_gateway",
            "module.networking.module.vpc.aws_route.public_internet_gateway",
            "module.networking.module.vpc.aws_route.public_internet_gateway_ipv6",
            "module.networking.module.vpc.aws_route_table.database",
            "module.networking.module.vpc.aws_route_table.elasticache",
            "module.networking.module.vpc.aws_route_table.intra",
            "module.networking.module.vpc.aws_route_table.private",
            "module.networking.module.vpc.aws_route_table.public",
            "module.networking.module.vpc.aws_route_table.redshift",
            "module.networking.module.vpc.aws_route_table_association.database",
            "module.networking.module.vpc.aws_route_table_association.elasticache",
            "module.networking.module.vpc.aws_route_table_association.intra",
            "module.networking.module.vpc.aws_route_table_association.private",
            "module.networking.module.vpc.aws_route_table_association.public",
            "module.networking.module.vpc.aws_route_table_association.redshift",
            "module.networking.module.vpc.aws_route_table_association.redshift_public",
            "module.networking.module.vpc.aws_subnet.database",
            "module.networking.module.vpc.aws_subnet.elasticache",
            "module.networking.module.vpc.aws_subnet.intra",
            "module.networking.module.vpc.aws_subnet.private",
            "module.networking.module.vpc.aws_subnet.public",
            "module.networking.module.vpc.aws_subnet.redshift",
            "module.networking.module.vpc.aws_vpc.this",
            "module.networking.module.vpc.aws_vpc_dhcp_options.this",
            "module.networking.module.vpc.aws_vpc_dhcp_options_association.this",
            "module.networking.module.vpc.aws_vpc_endpoint.access_analyzer",
            "module.networking.module.vpc.aws_vpc_endpoint.acm_pca",
            "module.networking.module.vpc.aws_vpc_endpoint.apigw",
            "module.networking.module.vpc.aws_vpc_endpoint.appmesh_envoy_management",
            "module.networking.module.vpc.aws_vpc_endpoint.appstream_api",
            "module.networking.module.vpc.aws_vpc_endpoint.appstream_streaming",
            "module.networking.module.vpc.aws_vpc_endpoint.athena",
            "module.networking.module.vpc.aws_vpc_endpoint.auto_scaling_plans",
            "module.networking.module.vpc.aws_vpc_endpoint.cloud_directory",
            "module.networking.module.vpc.aws_vpc_endpoint.cloudformation",
            "module.networking.module.vpc.aws_vpc_endpoint.cloudtrail",
            "module.networking.module.vpc.aws_vpc_endpoint.codeartifact_api",
            "module.networking.module.vpc.aws_vpc_endpoint.codeartifact_repositories",
            "module.networking.module.vpc.aws_vpc_endpoint.codebuild",
            "module.networking.module.vpc.aws_vpc_endpoint.codecommit",
            "module.networking.module.vpc.aws_vpc_endpoint.codedeploy",
            "module.networking.module.vpc.aws_vpc_endpoint.codedeploy_commands_secure",
            "module.networking.module.vpc.aws_vpc_endpoint.codepipeline",
            "module.networking.module.vpc.aws_vpc_endpoint.config",
            "module.networking.module.vpc.aws_vpc_endpoint.datasync",
            "module.networking.module.vpc.aws_vpc_endpoint.dynamodb",
            "module.networking.module.vpc.aws_vpc_endpoint.ebs",
            "module.networking.module.vpc.aws_vpc_endpoint.ec2",
            "module.networking.module.vpc.aws_vpc_endpoint.ec2_autoscaling",
            "module.networking.module.vpc.aws_vpc_endpoint.ec2messages",
            "module.networking.module.vpc.aws_vpc_endpoint.ecr_api",
            "module.networking.module.vpc.aws_vpc_endpoint.ecr_dkr",
            "module.networking.module.vpc.aws_vpc_endpoint.ecs",
            "module.networking.module.vpc.aws_vpc_endpoint.ecs_agent",
            "module.networking.module.vpc.aws_vpc_endpoint.ecs_telemetry",
            "module.networking.module.vpc.aws_vpc_endpoint.efs",
            "module.networking.module.vpc.aws_vpc_endpoint.elastic_inference_runtime",
            "module.networking.module.vpc.aws_vpc_endpoint.elasticbeanstalk",
            "module.networking.module.vpc.aws_vpc_endpoint.elasticbeanstalk_health",
            "module.networking.module.vpc.aws_vpc_endpoint.elasticloadbalancing",
            "module.networking.module.vpc.aws_vpc_endpoint.emr",
            "module.networking.module.vpc.aws_vpc_endpoint.events",
            "module.networking.module.vpc.aws_vpc_endpoint.git_codecommit",
            "module.networking.module.vpc.aws_vpc_endpoint.glue",
            "module.networking.module.vpc.aws_vpc_endpoint.kinesis_firehose",
            "module.networking.module.vpc.aws_vpc_endpoint.kinesis_streams",
            "module.networking.module.vpc.aws_vpc_endpoint.kms",
            "module.networking.module.vpc.aws_vpc_endpoint.lambda",
            "module.networking.module.vpc.aws_vpc_endpoint.logs",
            "module.networking.module.vpc.aws_vpc_endpoint.monitoring",
            "module.networking.module.vpc.aws_vpc_endpoint.qldb_session",
            "module.networking.module.vpc.aws_vpc_endpoint.rds",
            "module.networking.module.vpc.aws_vpc_endpoint.rekognition",
            "module.networking.module.vpc.aws_vpc_endpoint.s3",
            "module.networking.module.vpc.aws_vpc_endpoint.sagemaker_api",
            "module.networking.module.vpc.aws_vpc_endpoint.sagemaker_notebook",
            "module.networking.module.vpc.aws_vpc_endpoint.sagemaker_runtime",
            "module.networking.module.vpc.aws_vpc_endpoint.secretsmanager",
            "module.networking.module.vpc.aws_vpc_endpoint.servicecatalog",
            "module.networking.module.vpc.aws_vpc_endpoint.ses",
            "module.networking.module.vpc.aws_vpc_endpoint.sms",
            "module.networking.module.vpc.aws_vpc_endpoint.sns",
            "module.networking.module.vpc.aws_vpc_endpoint.sqs",
            "module.networking.module.vpc.aws_vpc_endpoint.ssm",
            "module.networking.module.vpc.aws_vpc_endpoint.ssmmessages",
            "module.networking.module.vpc.aws_vpc_endpoint.states",
            "module.networking.module.vpc.aws_vpc_endpoint.storagegateway",
            "module.networking.module.vpc.aws_vpc_endpoint.sts",
            "module.networking.module.vpc.aws_vpc_endpoint.textract",
            "module.networking.module.vpc.aws_vpc_endpoint.transfer",
            "module.networking.module.vpc.aws_vpc_endpoint.transferserver",
            "module.networking.module.vpc.aws_vpc_endpoint.workspaces",
            "module.networking.module.vpc.aws_vpc_endpoint_route_table_association.intra_dynamodb",
            "module.networking.module.vpc.aws_vpc_endpoint_route_table_association.intra_s3",
            "module.networking.module.vpc.aws_vpc_endpoint_route_table_association.private_dynamodb",
            "module.networking.module.vpc.aws_vpc_endpoint_route_table_association.private_s3",
            "module.networking.module.vpc.aws_vpc_endpoint_route_table_association.public_dynamodb",
            "module.networking.module.vpc.aws_vpc_endpoint_route_table_association.public_s3",
            "module.networking.module.vpc.aws_vpc_ipv4_cidr_block_association.this",
            "module.networking.module.vpc.aws_vpn_gateway.this",
            "module.networking.module.vpc.aws_vpn_gateway_attachment.this",
            "module.networking.module.vpc.aws_vpn_gateway_route_propagation.intra",
            "module.networking.module.vpc.aws_vpn_gateway_route_propagation.private",
            "module.networking.module.vpc.aws_vpn_gateway_route_propagation.public",
            "module.networking.module.vpc.data.aws_iam_policy_document.flow_log_cloudwatch_assume_role",
            "module.networking.module.vpc.data.aws_iam_policy_document.vpc_flow_log_cloudwatch",
            "module.networking.module.vpc.data.aws_vpc_endpoint_service.access_analyzer",
            "module.networking.module.vpc.data.aws_vpc_endpoint_service.acm_pca",
            "module.networking.module.vpc.data.aws_vpc_endpoint_service.apigw",
            "module.networking.module.vpc.data.aws_vpc_endpoint_service.appmesh_envoy_management",
            "module.networking.module.vpc.data.aws_vpc_endpoint_service.appstream_api",
            "module.networking.module.vpc.data.aws_vpc_endpoint_service.appstream_streaming",
            "module.networking.module.vpc.data.aws_vpc_endpoint_service.athena",
            "module.networking.module.vpc.data.aws_vpc_endpoint_service.auto_scaling_plans",
            "module.networking.module.vpc.data.aws_vpc_endpoint_service.cloud_directory",
            "module.networking.module.vpc.data.aws_vpc_endpoint_service.cloudformation",
            "module.networking.module.vpc.data.aws_vpc_endpoint_service.cloudtrail",
            "module.networking.module.vpc.data.aws_vpc_endpoint_service.codeartifact_api",
            "module.networking.module.vpc.data.aws_vpc_endpoint_service.codeartifact_repositories",
            "module.networking.module.vpc.data.aws_vpc_endpoint_service.codebuild",
            "module.networking.module.vpc.data.aws_vpc_endpoint_service.codecommit",
            "module.networking.module.vpc.data.aws_vpc_endpoint_service.codedeploy",
            "module.networking.module.vpc.data.aws_vpc_endpoint_service.codedeploy_commands_secure",
            "module.networking.module.vpc.data.aws_vpc_endpoint_service.codepipeline",
            "module.networking.module.vpc.data.aws_vpc_endpoint_service.config",
            "module.networking.module.vpc.data.aws_vpc_endpoint_service.datasync",
            "module.networking.module.vpc.data.aws_vpc_endpoint_service.dynamodb",
            "module.networking.module.vpc.data.aws_vpc_endpoint_service.ebs",
            "module.networking.module.vpc.data.aws_vpc_endpoint_service.ec2",
            "module.networking.module.vpc.data.aws_vpc_endpoint_service.ec2_autoscaling",
            "module.networking.module.vpc.data.aws_vpc_endpoint_service.ec2messages",
            "module.networking.module.vpc.data.aws_vpc_endpoint_service.ecr_api",
            "module.networking.module.vpc.data.aws_vpc_endpoint_service.ecr_dkr",
            "module.networking.module.vpc.data.aws_vpc_endpoint_service.ecs",
            "module.networking.module.vpc.data.aws_vpc_endpoint_service.ecs_agent",
            "module.networking.module.vpc.data.aws_vpc_endpoint_service.ecs_telemetry",
            "module.networking.module.vpc.data.aws_vpc_endpoint_service.efs",
            "module.networking.module.vpc.data.aws_vpc_endpoint_service.elastic_inference_runtime",
            "module.networking.module.vpc.data.aws_vpc_endpoint_service.elasticbeanstalk",
            "module.networking.module.vpc.data.aws_vpc_endpoint_service.elasticbeanstalk_health",
            "module.networking.module.vpc.data.aws_vpc_endpoint_service.elasticloadbalancing",
            "module.networking.module.vpc.data.aws_vpc_endpoint_service.emr",
            "module.networking.module.vpc.data.aws_vpc_endpoint_service.events",
            "module.networking.module.vpc.data.aws_vpc_endpoint_service.git_codecommit",
            "module.networking.module.vpc.data.aws_vpc_endpoint_service.glue",
            "module.networking.module.vpc.data.aws_vpc_endpoint_service.kinesis_firehose",
            "module.networking.module.vpc.data.aws_vpc_endpoint_service.kinesis_streams",
            "module.networking.module.vpc.data.aws_vpc_endpoint_service.kms",
            "module.networking.module.vpc.data.aws_vpc_endpoint_service.lambda",
            "module.networking.module.vpc.data.aws_vpc_endpoint_service.logs",
            "module.networking.module.vpc.data.aws_vpc_endpoint_service.monitoring",
            "module.networking.module.vpc.data.aws_vpc_endpoint_service.qldb_session",
            "module.networking.module.vpc.data.aws_vpc_endpoint_service.rds",
            "module.networking.module.vpc.data.aws_vpc_endpoint_service.rekognition",
            "module.networking.module.vpc.data.aws_vpc_endpoint_service.s3",
            "module.networking.module.vpc.data.aws_vpc_endpoint_service.sagemaker_api",
            "module.networking.module.vpc.data.aws_vpc_endpoint_service.sagemaker_notebook",
            "module.networking.module.vpc.data.aws_vpc_endpoint_service.sagemaker_runtime",
            "module.networking.module.vpc.data.aws_vpc_endpoint_service.secretsmanager",
            "module.networking.module.vpc.data.aws_vpc_endpoint_service.servicecatalog",
            "module.networking.module.vpc.data.aws_vpc_endpoint_service.ses",
            "module.networking.module.vpc.data.aws_vpc_endpoint_service.sms",
            "module.networking.module.vpc.data.aws_vpc_endpoint_service.sns",
            "module.networking.module.vpc.data.aws_vpc_endpoint_service.sqs",
            "module.networking.module.vpc.data.aws_vpc_endpoint_service.ssm",
            "module.networking.module.vpc.data.aws_vpc_endpoint_service.ssmmessages",
            "module.networking.module.vpc.data.aws_vpc_endpoint_service.states",
            "module.networking.module.vpc.data.aws_vpc_endpoint_service.storagegateway",
            "module.networking.module.vpc.data.aws_vpc_endpoint_service.sts",
            "module.networking.module.vpc.data.aws_vpc_endpoint_service.textract",
            "module.networking.module.vpc.data.aws_vpc_endpoint_service.transfer",
            "module.networking.module.vpc.data.aws_vpc_endpoint_service.transferserver",
            "module.networking.module.vpc.data.aws_vpc_endpoint_service.workspaces",
            "module.networking.module.websvr_sg.aws_security_group.security_group"
          ]
        }
      ]
    },
    {
      "module": "module.autoscaling.module.alb",
      "mode": "managed",
      "type": "aws_lb",
      "name": "this",
      "provider": "provider[\"registry.terraform.io/hashicorp/aws\"]",
      "instances": [
        {
          "index_key": 0,
          "schema_version": 0,
          "attributes": {
            "access_logs": [
              {
                "bucket": "",
                "enabled": false,
                "prefix": ""
              }
            ],
            "arn": "arn:aws:elasticloadbalancing:us-east-1:151456088802:loadbalancer/app/my-cool-project/973a5fdff3f02d4e",
            "arn_suffix": "app/my-cool-project/973a5fdff3f02d4e",
            "customer_owned_ipv4_pool": "",
            "desync_mitigation_mode": "defensive",
            "dns_name": "my-cool-project-1232984870.us-east-1.elb.amazonaws.com",
            "drop_invalid_header_fields": false,
            "enable_cross_zone_load_balancing": null,
            "enable_deletion_protection": false,
            "enable_http2": true,
            "enable_waf_fail_open": false,
            "id": "arn:aws:elasticloadbalancing:us-east-1:151456088802:loadbalancer/app/my-cool-project/973a5fdff3f02d4e",
            "idle_timeout": 60,
            "internal": false,
            "ip_address_type": "ipv4",
            "load_balancer_type": "application",
            "name": "my-cool-project",
            "name_prefix": null,
            "security_groups": [
              "sg-058fbd406d41dded4"
            ],
            "subnet_mapping": [
              {
                "allocation_id": "",
                "ipv6_address": "",
                "outpost_id": "",
                "private_ipv4_address": "",
                "subnet_id": "subnet-0780b45fef8d47938"
              },
              {
                "allocation_id": "",
                "ipv6_address": "",
                "outpost_id": "",
                "private_ipv4_address": "",
                "subnet_id": "subnet-0eb357b1a044e9cae"
              },
              {
                "allocation_id": "",
                "ipv6_address": "",
                "outpost_id": "",
                "private_ipv4_address": "",
                "subnet_id": "subnet-0f4e4ae2494c2b8d2"
              }
            ],
            "subnets": [
              "subnet-0780b45fef8d47938",
              "subnet-0eb357b1a044e9cae",
              "subnet-0f4e4ae2494c2b8d2"
            ],
            "tags": {
              "Name": "my-cool-project"
            },
            "tags_all": {
              "Name": "my-cool-project"
            },
            "timeouts": {
              "create": "10m",
              "delete": "10m",
              "update": "10m"
            },
            "vpc_id": "vpc-0458d1292ba515c4a",
            "zone_id": "Z35SXDOTRQ7X7K"
          },
          "sensitive_attributes": [],
          "private": "eyJlMmJmYjczMC1lY2FhLTExZTYtOGY4OC0zNDM2M2JjN2M0YzAiOnsiY3JlYXRlIjo2MDAwMDAwMDAwMDAsImRlbGV0ZSI6NjAwMDAwMDAwMDAwLCJ1cGRhdGUiOjYwMDAwMDAwMDAwMH19",
          "dependencies": [
            "module.networking.data.aws_availability_zones.available",
            "module.networking.module.db_sg.aws_security_group.security_group",
            "module.networking.module.lb_sg.aws_security_group.security_group",
            "module.networking.module.vpc.aws_cloudwatch_log_group.flow_log",
            "module.networking.module.vpc.aws_customer_gateway.this",
            "module.networking.module.vpc.aws_db_subnet_group.database",
            "module.networking.module.vpc.aws_default_network_acl.this",
            "module.networking.module.vpc.aws_default_security_group.this",
            "module.networking.module.vpc.aws_default_vpc.this",
            "module.networking.module.vpc.aws_egress_only_internet_gateway.this",
            "module.networking.module.vpc.aws_eip.nat",
            "module.networking.module.vpc.aws_elasticache_subnet_group.elasticache",
            "module.networking.module.vpc.aws_flow_log.this",
            "module.networking.module.vpc.aws_iam_policy.vpc_flow_log_cloudwatch",
            "module.networking.module.vpc.aws_iam_role.vpc_flow_log_cloudwatch",
            "module.networking.module.vpc.aws_iam_role_policy_attachment.vpc_flow_log_cloudwatch",
            "module.networking.module.vpc.aws_internet_gateway.this",
            "module.networking.module.vpc.aws_nat_gateway.this",
            "module.networking.module.vpc.aws_network_acl.database",
            "module.networking.module.vpc.aws_network_acl.elasticache",
            "module.networking.module.vpc.aws_network_acl.intra",
            "module.networking.module.vpc.aws_network_acl.private",
            "module.networking.module.vpc.aws_network_acl.public",
            "module.networking.module.vpc.aws_network_acl.redshift",
            "module.networking.module.vpc.aws_network_acl_rule.database_inbound",
            "module.networking.module.vpc.aws_network_acl_rule.database_outbound",
            "module.networking.module.vpc.aws_network_acl_rule.elasticache_inbound",
            "module.networking.module.vpc.aws_network_acl_rule.elasticache_outbound",
            "module.networking.module.vpc.aws_network_acl_rule.intra_inbound",
            "module.networking.module.vpc.aws_network_acl_rule.intra_outbound",
            "module.networking.module.vpc.aws_network_acl_rule.private_inbound",
            "module.networking.module.vpc.aws_network_acl_rule.private_outbound",
            "module.networking.module.vpc.aws_network_acl_rule.public_inbound",
            "module.networking.module.vpc.aws_network_acl_rule.public_outbound",
            "module.networking.module.vpc.aws_network_acl_rule.redshift_inbound",
            "module.networking.module.vpc.aws_network_acl_rule.redshift_outbound",
            "module.networking.module.vpc.aws_redshift_subnet_group.redshift",
            "module.networking.module.vpc.aws_route.database_internet_gateway",
            "module.networking.module.vpc.aws_route.database_ipv6_egress",
            "module.networking.module.vpc.aws_route.database_nat_gateway",
            "module.networking.module.vpc.aws_route.private_ipv6_egress",
            "module.networking.module.vpc.aws_route.private_nat_gateway",
            "module.networking.module.vpc.aws_route.public_internet_gateway",
            "module.networking.module.vpc.aws_route.public_internet_gateway_ipv6",
            "module.networking.module.vpc.aws_route_table.database",
            "module.networking.module.vpc.aws_route_table.elasticache",
            "module.networking.module.vpc.aws_route_table.intra",
            "module.networking.module.vpc.aws_route_table.private",
            "module.networking.module.vpc.aws_route_table.public",
            "module.networking.module.vpc.aws_route_table.redshift",
            "module.networking.module.vpc.aws_route_table_association.database",
            "module.networking.module.vpc.aws_route_table_association.elasticache",
            "module.networking.module.vpc.aws_route_table_association.intra",
            "module.networking.module.vpc.aws_route_table_association.private",
            "module.networking.module.vpc.aws_route_table_association.public",
            "module.networking.module.vpc.aws_route_table_association.redshift",
            "module.networking.module.vpc.aws_route_table_association.redshift_public",
            "module.networking.module.vpc.aws_subnet.database",
            "module.networking.module.vpc.aws_subnet.elasticache",
            "module.networking.module.vpc.aws_subnet.intra",
            "module.networking.module.vpc.aws_subnet.private",
            "module.networking.module.vpc.aws_subnet.public",
            "module.networking.module.vpc.aws_subnet.redshift",
            "module.networking.module.vpc.aws_vpc.this",
            "module.networking.module.vpc.aws_vpc_dhcp_options.this",
            "module.networking.module.vpc.aws_vpc_dhcp_options_association.this",
            "module.networking.module.vpc.aws_vpc_endpoint.access_analyzer",
            "module.networking.module.vpc.aws_vpc_endpoint.acm_pca",
            "module.networking.module.vpc.aws_vpc_endpoint.apigw",
            "module.networking.module.vpc.aws_vpc_endpoint.appmesh_envoy_management",
            "module.networking.module.vpc.aws_vpc_endpoint.appstream_api",
            "module.networking.module.vpc.aws_vpc_endpoint.appstream_streaming",
            "module.networking.module.vpc.aws_vpc_endpoint.athena",
            "module.networking.module.vpc.aws_vpc_endpoint.auto_scaling_plans",
            "module.networking.module.vpc.aws_vpc_endpoint.cloud_directory",
            "module.networking.module.vpc.aws_vpc_endpoint.cloudformation",
            "module.networking.module.vpc.aws_vpc_endpoint.cloudtrail",
            "module.networking.module.vpc.aws_vpc_endpoint.codeartifact_api",
            "module.networking.module.vpc.aws_vpc_endpoint.codeartifact_repositories",
            "module.networking.module.vpc.aws_vpc_endpoint.codebuild",
            "module.networking.module.vpc.aws_vpc_endpoint.codecommit",
            "module.networking.module.vpc.aws_vpc_endpoint.codedeploy",
            "module.networking.module.vpc.aws_vpc_endpoint.codedeploy_commands_secure",
            "module.networking.module.vpc.aws_vpc_endpoint.codepipeline",
            "module.networking.module.vpc.aws_vpc_endpoint.config",
            "module.networking.module.vpc.aws_vpc_endpoint.datasync",
            "module.networking.module.vpc.aws_vpc_endpoint.dynamodb",
            "module.networking.module.vpc.aws_vpc_endpoint.ebs",
            "module.networking.module.vpc.aws_vpc_endpoint.ec2",
            "module.networking.module.vpc.aws_vpc_endpoint.ec2_autoscaling",
            "module.networking.module.vpc.aws_vpc_endpoint.ec2messages",
            "module.networking.module.vpc.aws_vpc_endpoint.ecr_api",
            "module.networking.module.vpc.aws_vpc_endpoint.ecr_dkr",
            "module.networking.module.vpc.aws_vpc_endpoint.ecs",
            "module.networking.module.vpc.aws_vpc_endpoint.ecs_agent",
            "module.networking.module.vpc.aws_vpc_endpoint.ecs_telemetry",
            "module.networking.module.vpc.aws_vpc_endpoint.efs",
            "module.networking.module.vpc.aws_vpc_endpoint.elastic_inference_runtime",
            "module.networking.module.vpc.aws_vpc_endpoint.elasticbeanstalk",
            "module.networking.module.vpc.aws_vpc_endpoint.elasticbeanstalk_health",
            "module.networking.module.vpc.aws_vpc_endpoint.elasticloadbalancing",
            "module.networking.module.vpc.aws_vpc_endpoint.emr",
            "module.networking.module.vpc.aws_vpc_endpoint.events",
            "module.networking.module.vpc.aws_vpc_endpoint.git_codecommit",
            "module.networking.module.vpc.aws_vpc_endpoint.glue",
            "module.networking.module.vpc.aws_vpc_endpoint.kinesis_firehose",
            "module.networking.module.vpc.aws_vpc_endpoint.kinesis_streams",
            "module.networking.module.vpc.aws_vpc_endpoint.kms",
            "module.networking.module.vpc.aws_vpc_endpoint.lambda",
            "module.networking.module.vpc.aws_vpc_endpoint.logs",
            "module.networking.module.vpc.aws_vpc_endpoint.monitoring",
            "module.networking.module.vpc.aws_vpc_endpoint.qldb_session",
            "module.networking.module.vpc.aws_vpc_endpoint.rds",
            "module.networking.module.vpc.aws_vpc_endpoint.rekognition",
            "module.networking.module.vpc.aws_vpc_endpoint.s3",
            "module.networking.module.vpc.aws_vpc_endpoint.sagemaker_api",
            "module.networking.module.vpc.aws_vpc_endpoint.sagemaker_notebook",
            "module.networking.module.vpc.aws_vpc_endpoint.sagemaker_runtime",
            "module.networking.module.vpc.aws_vpc_endpoint.secretsmanager",
            "module.networking.module.vpc.aws_vpc_endpoint.servicecatalog",
            "module.networking.module.vpc.aws_vpc_endpoint.ses",
            "module.networking.module.vpc.aws_vpc_endpoint.sms",
            "module.networking.module.vpc.aws_vpc_endpoint.sns",
            "module.networking.module.vpc.aws_vpc_endpoint.sqs",
            "module.networking.module.vpc.aws_vpc_endpoint.ssm",
            "module.networking.module.vpc.aws_vpc_endpoint.ssmmessages",
            "module.networking.module.vpc.aws_vpc_endpoint.states",
            "module.networking.module.vpc.aws_vpc_endpoint.storagegateway",
            "module.networking.module.vpc.aws_vpc_endpoint.sts",
            "module.networking.module.vpc.aws_vpc_endpoint.textract",
            "module.networking.module.vpc.aws_vpc_endpoint.transfer",
            "module.networking.module.vpc.aws_vpc_endpoint.transferserver",
            "module.networking.module.vpc.aws_vpc_endpoint.workspaces",
            "module.networking.module.vpc.aws_vpc_endpoint_route_table_association.intra_dynamodb",
            "module.networking.module.vpc.aws_vpc_endpoint_route_table_association.intra_s3",
            "module.networking.module.vpc.aws_vpc_endpoint_route_table_association.private_dynamodb",
            "module.networking.module.vpc.aws_vpc_endpoint_route_table_association.private_s3",
            "module.networking.module.vpc.aws_vpc_endpoint_route_table_association.public_dynamodb",
            "module.networking.module.vpc.aws_vpc_endpoint_route_table_association.public_s3",
            "module.networking.module.vpc.aws_vpc_ipv4_cidr_block_association.this",
            "module.networking.module.vpc.aws_vpn_gateway.this",
            "module.networking.module.vpc.aws_vpn_gateway_attachment.this",
            "module.networking.module.vpc.aws_vpn_gateway_route_propagation.intra",
            "module.networking.module.vpc.aws_vpn_gateway_route_propagation.private",
            "module.networking.module.vpc.aws_vpn_gateway_route_propagation.public",
            "module.networking.module.vpc.data.aws_iam_policy_document.flow_log_cloudwatch_assume_role",
            "module.networking.module.vpc.data.aws_iam_policy_document.vpc_flow_log_cloudwatch",
            "module.networking.module.vpc.data.aws_vpc_endpoint_service.access_analyzer",
            "module.networking.module.vpc.data.aws_vpc_endpoint_service.acm_pca",
            "module.networking.module.vpc.data.aws_vpc_endpoint_service.apigw",
            "module.networking.module.vpc.data.aws_vpc_endpoint_service.appmesh_envoy_management",
            "module.networking.module.vpc.data.aws_vpc_endpoint_service.appstream_api",
            "module.networking.module.vpc.data.aws_vpc_endpoint_service.appstream_streaming",
            "module.networking.module.vpc.data.aws_vpc_endpoint_service.athena",
            "module.networking.module.vpc.data.aws_vpc_endpoint_service.auto_scaling_plans",
            "module.networking.module.vpc.data.aws_vpc_endpoint_service.cloud_directory",
            "module.networking.module.vpc.data.aws_vpc_endpoint_service.cloudformation",
            "module.networking.module.vpc.data.aws_vpc_endpoint_service.cloudtrail",
            "module.networking.module.vpc.data.aws_vpc_endpoint_service.codeartifact_api",
            "module.networking.module.vpc.data.aws_vpc_endpoint_service.codeartifact_repositories",
            "module.networking.module.vpc.data.aws_vpc_endpoint_service.codebuild",
            "module.networking.module.vpc.data.aws_vpc_endpoint_service.codecommit",
            "module.networking.module.vpc.data.aws_vpc_endpoint_service.codedeploy",
            "module.networking.module.vpc.data.aws_vpc_endpoint_service.codedeploy_commands_secure",
            "module.networking.module.vpc.data.aws_vpc_endpoint_service.codepipeline",
            "module.networking.module.vpc.data.aws_vpc_endpoint_service.config",
            "module.networking.module.vpc.data.aws_vpc_endpoint_service.datasync",
            "module.networking.module.vpc.data.aws_vpc_endpoint_service.dynamodb",
            "module.networking.module.vpc.data.aws_vpc_endpoint_service.ebs",
            "module.networking.module.vpc.data.aws_vpc_endpoint_service.ec2",
            "module.networking.module.vpc.data.aws_vpc_endpoint_service.ec2_autoscaling",
            "module.networking.module.vpc.data.aws_vpc_endpoint_service.ec2messages",
            "module.networking.module.vpc.data.aws_vpc_endpoint_service.ecr_api",
            "module.networking.module.vpc.data.aws_vpc_endpoint_service.ecr_dkr",
            "module.networking.module.vpc.data.aws_vpc_endpoint_service.ecs",
            "module.networking.module.vpc.data.aws_vpc_endpoint_service.ecs_agent",
            "module.networking.module.vpc.data.aws_vpc_endpoint_service.ecs_telemetry",
            "module.networking.module.vpc.data.aws_vpc_endpoint_service.efs",
            "module.networking.module.vpc.data.aws_vpc_endpoint_service.elastic_inference_runtime",
            "module.networking.module.vpc.data.aws_vpc_endpoint_service.elasticbeanstalk",
            "module.networking.module.vpc.data.aws_vpc_endpoint_service.elasticbeanstalk_health",
            "module.networking.module.vpc.data.aws_vpc_endpoint_service.elasticloadbalancing",
            "module.networking.module.vpc.data.aws_vpc_endpoint_service.emr",
            "module.networking.module.vpc.data.aws_vpc_endpoint_service.events",
            "module.networking.module.vpc.data.aws_vpc_endpoint_service.git_codecommit",
            "module.networking.module.vpc.data.aws_vpc_endpoint_service.glue",
            "module.networking.module.vpc.data.aws_vpc_endpoint_service.kinesis_firehose",
            "module.networking.module.vpc.data.aws_vpc_endpoint_service.kinesis_streams",
            "module.networking.module.vpc.data.aws_vpc_endpoint_service.kms",
            "module.networking.module.vpc.data.aws_vpc_endpoint_service.lambda",
            "module.networking.module.vpc.data.aws_vpc_endpoint_service.logs",
            "module.networking.module.vpc.data.aws_vpc_endpoint_service.monitoring",
            "module.networking.module.vpc.data.aws_vpc_endpoint_service.qldb_session",
            "module.networking.module.vpc.data.aws_vpc_endpoint_service.rds",
            "module.networking.module.vpc.data.aws_vpc_endpoint_service.rekognition",
            "module.networking.module.vpc.data.aws_vpc_endpoint_service.s3",
            "module.networking.module.vpc.data.aws_vpc_endpoint_service.sagemaker_api",
            "module.networking.module.vpc.data.aws_vpc_endpoint_service.sagemaker_notebook",
            "module.networking.module.vpc.data.aws_vpc_endpoint_service.sagemaker_runtime",
            "module.networking.module.vpc.data.aws_vpc_endpoint_service.secretsmanager",
            "module.networking.module.vpc.data.aws_vpc_endpoint_service.servicecatalog",
            "module.networking.module.vpc.data.aws_vpc_endpoint_service.ses",
            "module.networking.module.vpc.data.aws_vpc_endpoint_service.sms",
            "module.networking.module.vpc.data.aws_vpc_endpoint_service.sns",
            "module.networking.module.vpc.data.aws_vpc_endpoint_service.sqs",
            "module.networking.module.vpc.data.aws_vpc_endpoint_service.ssm",
            "module.networking.module.vpc.data.aws_vpc_endpoint_service.ssmmessages",
            "module.networking.module.vpc.data.aws_vpc_endpoint_service.states",
            "module.networking.module.vpc.data.aws_vpc_endpoint_service.storagegateway",
            "module.networking.module.vpc.data.aws_vpc_endpoint_service.sts",
            "module.networking.module.vpc.data.aws_vpc_endpoint_service.textract",
            "module.networking.module.vpc.data.aws_vpc_endpoint_service.transfer",
            "module.networking.module.vpc.data.aws_vpc_endpoint_service.transferserver",
            "module.networking.module.vpc.data.aws_vpc_endpoint_service.workspaces",
            "module.networking.module.websvr_sg.aws_security_group.security_group"
          ],
          "create_before_destroy": true
        }
      ]
    },
    {
      "module": "module.autoscaling.module.alb",
      "mode": "managed",
      "type": "aws_lb_listener",
      "name": "frontend_http_tcp",
      "provider": "provider[\"registry.terraform.io/hashicorp/aws\"]",
      "instances": [
        {
          "index_key": 0,
          "schema_version": 0,
          "attributes": {
            "alpn_policy": null,
            "arn": "arn:aws:elasticloadbalancing:us-east-1:151456088802:listener/app/my-cool-project/973a5fdff3f02d4e/bc380a2425224ffd",
            "certificate_arn": null,
            "default_action": [
              {
                "authenticate_cognito": [],
                "authenticate_oidc": [],
                "fixed_response": [],
                "forward": [],
                "order": 1,
                "redirect": [],
                "target_group_arn": "arn:aws:elasticloadbalancing:us-east-1:151456088802:targetgroup/websvr20220810103436886500000007/52a6c1027b793a88",
                "type": "forward"
              }
            ],
            "id": "arn:aws:elasticloadbalancing:us-east-1:151456088802:listener/app/my-cool-project/973a5fdff3f02d4e/bc380a2425224ffd",
            "load_balancer_arn": "arn:aws:elasticloadbalancing:us-east-1:151456088802:loadbalancer/app/my-cool-project/973a5fdff3f02d4e",
            "port": 80,
            "protocol": "HTTP",
            "ssl_policy": "",
            "tags": {},
            "tags_all": {},
            "timeouts": null
          },
          "sensitive_attributes": [],
          "private": "eyJlMmJmYjczMC1lY2FhLTExZTYtOGY4OC0zNDM2M2JjN2M0YzAiOnsicmVhZCI6NjAwMDAwMDAwMDAwfX0=",
          "dependencies": [
            "module.autoscaling.module.alb.aws_lb.this",
            "module.autoscaling.module.alb.aws_lb_target_group.main",
            "module.networking.data.aws_availability_zones.available",
            "module.networking.module.db_sg.aws_security_group.security_group",
            "module.networking.module.lb_sg.aws_security_group.security_group",
            "module.networking.module.vpc.aws_cloudwatch_log_group.flow_log",
            "module.networking.module.vpc.aws_customer_gateway.this",
            "module.networking.module.vpc.aws_db_subnet_group.database",
            "module.networking.module.vpc.aws_default_network_acl.this",
            "module.networking.module.vpc.aws_default_security_group.this",
            "module.networking.module.vpc.aws_default_vpc.this",
            "module.networking.module.vpc.aws_egress_only_internet_gateway.this",
            "module.networking.module.vpc.aws_eip.nat",
            "module.networking.module.vpc.aws_elasticache_subnet_group.elasticache",
            "module.networking.module.vpc.aws_flow_log.this",
            "module.networking.module.vpc.aws_iam_policy.vpc_flow_log_cloudwatch",
            "module.networking.module.vpc.aws_iam_role.vpc_flow_log_cloudwatch",
            "module.networking.module.vpc.aws_iam_role_policy_attachment.vpc_flow_log_cloudwatch",
            "module.networking.module.vpc.aws_internet_gateway.this",
            "module.networking.module.vpc.aws_nat_gateway.this",
            "module.networking.module.vpc.aws_network_acl.database",
            "module.networking.module.vpc.aws_network_acl.elasticache",
            "module.networking.module.vpc.aws_network_acl.intra",
            "module.networking.module.vpc.aws_network_acl.private",
            "module.networking.module.vpc.aws_network_acl.public",
            "module.networking.module.vpc.aws_network_acl.redshift",
            "module.networking.module.vpc.aws_network_acl_rule.database_inbound",
            "module.networking.module.vpc.aws_network_acl_rule.database_outbound",
            "module.networking.module.vpc.aws_network_acl_rule.elasticache_inbound",
            "module.networking.module.vpc.aws_network_acl_rule.elasticache_outbound",
            "module.networking.module.vpc.aws_network_acl_rule.intra_inbound",
            "module.networking.module.vpc.aws_network_acl_rule.intra_outbound",
            "module.networking.module.vpc.aws_network_acl_rule.private_inbound",
            "module.networking.module.vpc.aws_network_acl_rule.private_outbound",
            "module.networking.module.vpc.aws_network_acl_rule.public_inbound",
            "module.networking.module.vpc.aws_network_acl_rule.public_outbound",
            "module.networking.module.vpc.aws_network_acl_rule.redshift_inbound",
            "module.networking.module.vpc.aws_network_acl_rule.redshift_outbound",
            "module.networking.module.vpc.aws_redshift_subnet_group.redshift",
            "module.networking.module.vpc.aws_route.database_internet_gateway",
            "module.networking.module.vpc.aws_route.database_ipv6_egress",
            "module.networking.module.vpc.aws_route.database_nat_gateway",
            "module.networking.module.vpc.aws_route.private_ipv6_egress",
            "module.networking.module.vpc.aws_route.private_nat_gateway",
            "module.networking.module.vpc.aws_route.public_internet_gateway",
            "module.networking.module.vpc.aws_route.public_internet_gateway_ipv6",
            "module.networking.module.vpc.aws_route_table.database",
            "module.networking.module.vpc.aws_route_table.elasticache",
            "module.networking.module.vpc.aws_route_table.intra",
            "module.networking.module.vpc.aws_route_table.private",
            "module.networking.module.vpc.aws_route_table.public",
            "module.networking.module.vpc.aws_route_table.redshift",
            "module.networking.module.vpc.aws_route_table_association.database",
            "module.networking.module.vpc.aws_route_table_association.elasticache",
            "module.networking.module.vpc.aws_route_table_association.intra",
            "module.networking.module.vpc.aws_route_table_association.private",
            "module.networking.module.vpc.aws_route_table_association.public",
            "module.networking.module.vpc.aws_route_table_association.redshift",
            "module.networking.module.vpc.aws_route_table_association.redshift_public",
            "module.networking.module.vpc.aws_subnet.database",
            "module.networking.module.vpc.aws_subnet.elasticache",
            "module.networking.module.vpc.aws_subnet.intra",
            "module.networking.module.vpc.aws_subnet.private",
            "module.networking.module.vpc.aws_subnet.public",
            "module.networking.module.vpc.aws_subnet.redshift",
            "module.networking.module.vpc.aws_vpc.this",
            "module.networking.module.vpc.aws_vpc_dhcp_options.this",
            "module.networking.module.vpc.aws_vpc_dhcp_options_association.this",
            "module.networking.module.vpc.aws_vpc_endpoint.access_analyzer",
            "module.networking.module.vpc.aws_vpc_endpoint.acm_pca",
            "module.networking.module.vpc.aws_vpc_endpoint.apigw",
            "module.networking.module.vpc.aws_vpc_endpoint.appmesh_envoy_management",
            "module.networking.module.vpc.aws_vpc_endpoint.appstream_api",
            "module.networking.module.vpc.aws_vpc_endpoint.appstream_streaming",
            "module.networking.module.vpc.aws_vpc_endpoint.athena",
            "module.networking.module.vpc.aws_vpc_endpoint.auto_scaling_plans",
            "module.networking.module.vpc.aws_vpc_endpoint.cloud_directory",
            "module.networking.module.vpc.aws_vpc_endpoint.cloudformation",
            "module.networking.module.vpc.aws_vpc_endpoint.cloudtrail",
            "module.networking.module.vpc.aws_vpc_endpoint.codeartifact_api",
            "module.networking.module.vpc.aws_vpc_endpoint.codeartifact_repositories",
            "module.networking.module.vpc.aws_vpc_endpoint.codebuild",
            "module.networking.module.vpc.aws_vpc_endpoint.codecommit",
            "module.networking.module.vpc.aws_vpc_endpoint.codedeploy",
            "module.networking.module.vpc.aws_vpc_endpoint.codedeploy_commands_secure",
            "module.networking.module.vpc.aws_vpc_endpoint.codepipeline",
            "module.networking.module.vpc.aws_vpc_endpoint.config",
            "module.networking.module.vpc.aws_vpc_endpoint.datasync",
            "module.networking.module.vpc.aws_vpc_endpoint.dynamodb",
            "module.networking.module.vpc.aws_vpc_endpoint.ebs",
            "module.networking.module.vpc.aws_vpc_endpoint.ec2",
            "module.networking.module.vpc.aws_vpc_endpoint.ec2_autoscaling",
            "module.networking.module.vpc.aws_vpc_endpoint.ec2messages",
            "module.networking.module.vpc.aws_vpc_endpoint.ecr_api",
            "module.networking.module.vpc.aws_vpc_endpoint.ecr_dkr",
            "module.networking.module.vpc.aws_vpc_endpoint.ecs",
            "module.networking.module.vpc.aws_vpc_endpoint.ecs_agent",
            "module.networking.module.vpc.aws_vpc_endpoint.ecs_telemetry",
            "module.networking.module.vpc.aws_vpc_endpoint.efs",
            "module.networking.module.vpc.aws_vpc_endpoint.elastic_inference_runtime",
            "module.networking.module.vpc.aws_vpc_endpoint.elasticbeanstalk",
            "module.networking.module.vpc.aws_vpc_endpoint.elasticbeanstalk_health",
            "module.networking.module.vpc.aws_vpc_endpoint.elasticloadbalancing",
            "module.networking.module.vpc.aws_vpc_endpoint.emr",
            "module.networking.module.vpc.aws_vpc_endpoint.events",
            "module.networking.module.vpc.aws_vpc_endpoint.git_codecommit",
            "module.networking.module.vpc.aws_vpc_endpoint.glue",
            "module.networking.module.vpc.aws_vpc_endpoint.kinesis_firehose",
            "module.networking.module.vpc.aws_vpc_endpoint.kinesis_streams",
            "module.networking.module.vpc.aws_vpc_endpoint.kms",
            "module.networking.module.vpc.aws_vpc_endpoint.lambda",
            "module.networking.module.vpc.aws_vpc_endpoint.logs",
            "module.networking.module.vpc.aws_vpc_endpoint.monitoring",
            "module.networking.module.vpc.aws_vpc_endpoint.qldb_session",
            "module.networking.module.vpc.aws_vpc_endpoint.rds",
            "module.networking.module.vpc.aws_vpc_endpoint.rekognition",
            "module.networking.module.vpc.aws_vpc_endpoint.s3",
            "module.networking.module.vpc.aws_vpc_endpoint.sagemaker_api",
            "module.networking.module.vpc.aws_vpc_endpoint.sagemaker_notebook",
            "module.networking.module.vpc.aws_vpc_endpoint.sagemaker_runtime",
            "module.networking.module.vpc.aws_vpc_endpoint.secretsmanager",
            "module.networking.module.vpc.aws_vpc_endpoint.servicecatalog",
            "module.networking.module.vpc.aws_vpc_endpoint.ses",
            "module.networking.module.vpc.aws_vpc_endpoint.sms",
            "module.networking.module.vpc.aws_vpc_endpoint.sns",
            "module.networking.module.vpc.aws_vpc_endpoint.sqs",
            "module.networking.module.vpc.aws_vpc_endpoint.ssm",
            "module.networking.module.vpc.aws_vpc_endpoint.ssmmessages",
            "module.networking.module.vpc.aws_vpc_endpoint.states",
            "module.networking.module.vpc.aws_vpc_endpoint.storagegateway",
            "module.networking.module.vpc.aws_vpc_endpoint.sts",
            "module.networking.module.vpc.aws_vpc_endpoint.textract",
            "module.networking.module.vpc.aws_vpc_endpoint.transfer",
            "module.networking.module.vpc.aws_vpc_endpoint.transferserver",
            "module.networking.module.vpc.aws_vpc_endpoint.workspaces",
            "module.networking.module.vpc.aws_vpc_endpoint_route_table_association.intra_dynamodb",
            "module.networking.module.vpc.aws_vpc_endpoint_route_table_association.intra_s3",
            "module.networking.module.vpc.aws_vpc_endpoint_route_table_association.private_dynamodb",
            "module.networking.module.vpc.aws_vpc_endpoint_route_table_association.private_s3",
            "module.networking.module.vpc.aws_vpc_endpoint_route_table_association.public_dynamodb",
            "module.networking.module.vpc.aws_vpc_endpoint_route_table_association.public_s3",
            "module.networking.module.vpc.aws_vpc_ipv4_cidr_block_association.this",
            "module.networking.module.vpc.aws_vpn_gateway.this",
            "module.networking.module.vpc.aws_vpn_gateway_attachment.this",
            "module.networking.module.vpc.aws_vpn_gateway_route_propagation.intra",
            "module.networking.module.vpc.aws_vpn_gateway_route_propagation.private",
            "module.networking.module.vpc.aws_vpn_gateway_route_propagation.public",
            "module.networking.module.vpc.data.aws_iam_policy_document.flow_log_cloudwatch_assume_role",
            "module.networking.module.vpc.data.aws_iam_policy_document.vpc_flow_log_cloudwatch",
            "module.networking.module.vpc.data.aws_vpc_endpoint_service.access_analyzer",
            "module.networking.module.vpc.data.aws_vpc_endpoint_service.acm_pca",
            "module.networking.module.vpc.data.aws_vpc_endpoint_service.apigw",
            "module.networking.module.vpc.data.aws_vpc_endpoint_service.appmesh_envoy_management",
            "module.networking.module.vpc.data.aws_vpc_endpoint_service.appstream_api",
            "module.networking.module.vpc.data.aws_vpc_endpoint_service.appstream_streaming",
            "module.networking.module.vpc.data.aws_vpc_endpoint_service.athena",
            "module.networking.module.vpc.data.aws_vpc_endpoint_service.auto_scaling_plans",
            "module.networking.module.vpc.data.aws_vpc_endpoint_service.cloud_directory",
            "module.networking.module.vpc.data.aws_vpc_endpoint_service.cloudformation",
            "module.networking.module.vpc.data.aws_vpc_endpoint_service.cloudtrail",
            "module.networking.module.vpc.data.aws_vpc_endpoint_service.codeartifact_api",
            "module.networking.module.vpc.data.aws_vpc_endpoint_service.codeartifact_repositories",
            "module.networking.module.vpc.data.aws_vpc_endpoint_service.codebuild",
            "module.networking.module.vpc.data.aws_vpc_endpoint_service.codecommit",
            "module.networking.module.vpc.data.aws_vpc_endpoint_service.codedeploy",
            "module.networking.module.vpc.data.aws_vpc_endpoint_service.codedeploy_commands_secure",
            "module.networking.module.vpc.data.aws_vpc_endpoint_service.codepipeline",
            "module.networking.module.vpc.data.aws_vpc_endpoint_service.config",
            "module.networking.module.vpc.data.aws_vpc_endpoint_service.datasync",
            "module.networking.module.vpc.data.aws_vpc_endpoint_service.dynamodb",
            "module.networking.module.vpc.data.aws_vpc_endpoint_service.ebs",
            "module.networking.module.vpc.data.aws_vpc_endpoint_service.ec2",
            "module.networking.module.vpc.data.aws_vpc_endpoint_service.ec2_autoscaling",
            "module.networking.module.vpc.data.aws_vpc_endpoint_service.ec2messages",
            "module.networking.module.vpc.data.aws_vpc_endpoint_service.ecr_api",
            "module.networking.module.vpc.data.aws_vpc_endpoint_service.ecr_dkr",
            "module.networking.module.vpc.data.aws_vpc_endpoint_service.ecs",
            "module.networking.module.vpc.data.aws_vpc_endpoint_service.ecs_agent",
            "module.networking.module.vpc.data.aws_vpc_endpoint_service.ecs_telemetry",
            "module.networking.module.vpc.data.aws_vpc_endpoint_service.efs",
            "module.networking.module.vpc.data.aws_vpc_endpoint_service.elastic_inference_runtime",
            "module.networking.module.vpc.data.aws_vpc_endpoint_service.elasticbeanstalk",
            "module.networking.module.vpc.data.aws_vpc_endpoint_service.elasticbeanstalk_health",
            "module.networking.module.vpc.data.aws_vpc_endpoint_service.elasticloadbalancing",
            "module.networking.module.vpc.data.aws_vpc_endpoint_service.emr",
            "module.networking.module.vpc.data.aws_vpc_endpoint_service.events",
            "module.networking.module.vpc.data.aws_vpc_endpoint_service.git_codecommit",
            "module.networking.module.vpc.data.aws_vpc_endpoint_service.glue",
            "module.networking.module.vpc.data.aws_vpc_endpoint_service.kinesis_firehose",
            "module.networking.module.vpc.data.aws_vpc_endpoint_service.kinesis_streams",
            "module.networking.module.vpc.data.aws_vpc_endpoint_service.kms",
            "module.networking.module.vpc.data.aws_vpc_endpoint_service.lambda",
            "module.networking.module.vpc.data.aws_vpc_endpoint_service.logs",
            "module.networking.module.vpc.data.aws_vpc_endpoint_service.monitoring",
            "module.networking.module.vpc.data.aws_vpc_endpoint_service.qldb_session",
            "module.networking.module.vpc.data.aws_vpc_endpoint_service.rds",
            "module.networking.module.vpc.data.aws_vpc_endpoint_service.rekognition",
            "module.networking.module.vpc.data.aws_vpc_endpoint_service.s3",
            "module.networking.module.vpc.data.aws_vpc_endpoint_service.sagemaker_api",
            "module.networking.module.vpc.data.aws_vpc_endpoint_service.sagemaker_notebook",
            "module.networking.module.vpc.data.aws_vpc_endpoint_service.sagemaker_runtime",
            "module.networking.module.vpc.data.aws_vpc_endpoint_service.secretsmanager",
            "module.networking.module.vpc.data.aws_vpc_endpoint_service.servicecatalog",
            "module.networking.module.vpc.data.aws_vpc_endpoint_service.ses",
            "module.networking.module.vpc.data.aws_vpc_endpoint_service.sms",
            "module.networking.module.vpc.data.aws_vpc_endpoint_service.sns",
            "module.networking.module.vpc.data.aws_vpc_endpoint_service.sqs",
            "module.networking.module.vpc.data.aws_vpc_endpoint_service.ssm",
            "module.networking.module.vpc.data.aws_vpc_endpoint_service.ssmmessages",
            "module.networking.module.vpc.data.aws_vpc_endpoint_service.states",
            "module.networking.module.vpc.data.aws_vpc_endpoint_service.storagegateway",
            "module.networking.module.vpc.data.aws_vpc_endpoint_service.sts",
            "module.networking.module.vpc.data.aws_vpc_endpoint_service.textract",
            "module.networking.module.vpc.data.aws_vpc_endpoint_service.transfer",
            "module.networking.module.vpc.data.aws_vpc_endpoint_service.transferserver",
            "module.networking.module.vpc.data.aws_vpc_endpoint_service.workspaces",
            "module.networking.module.websvr_sg.aws_security_group.security_group"
          ]
        }
      ]
    },
    {
      "module": "module.autoscaling.module.alb",
      "mode": "managed",
      "type": "aws_lb_target_group",
      "name": "main",
      "provider": "provider[\"registry.terraform.io/hashicorp/aws\"]",
      "instances": [
        {
          "index_key": 0,
          "schema_version": 0,
          "attributes": {
            "arn": "arn:aws:elasticloadbalancing:us-east-1:151456088802:targetgroup/websvr20220810103436886500000007/52a6c1027b793a88",
            "arn_suffix": "targetgroup/websvr20220810103436886500000007/52a6c1027b793a88",
            "connection_termination": false,
            "deregistration_delay": "300",
            "health_check": [
              {
                "enabled": true,
                "healthy_threshold": 5,
                "interval": 30,
                "matcher": "200",
                "path": "/",
                "port": "traffic-port",
                "protocol": "HTTP",
                "timeout": 5,
                "unhealthy_threshold": 2
              }
            ],
            "id": "arn:aws:elasticloadbalancing:us-east-1:151456088802:targetgroup/websvr20220810103436886500000007/52a6c1027b793a88",
            "lambda_multi_value_headers_enabled": false,
            "load_balancing_algorithm_type": "round_robin",
            "name": "websvr20220810103436886500000007",
            "name_prefix": "websvr",
            "port": 8080,
            "preserve_client_ip": null,
            "protocol": "HTTP",
            "protocol_version": "HTTP1",
            "proxy_protocol_v2": false,
            "slow_start": 0,
            "stickiness": [
              {
                "cookie_duration": 86400,
                "cookie_name": "",
                "enabled": false,
                "type": "lb_cookie"
              }
            ],
            "tags": {
              "Name": "websvr"
            },
            "tags_all": {
              "Name": "websvr"
            },
            "target_type": "instance",
            "vpc_id": "vpc-0458d1292ba515c4a"
          },
          "sensitive_attributes": [],
          "private": "bnVsbA==",
          "dependencies": [
            "module.autoscaling.module.alb.aws_lb.this",
            "module.networking.data.aws_availability_zones.available",
            "module.networking.module.db_sg.aws_security_group.security_group",
            "module.networking.module.lb_sg.aws_security_group.security_group",
            "module.networking.module.vpc.aws_cloudwatch_log_group.flow_log",
            "module.networking.module.vpc.aws_customer_gateway.this",
            "module.networking.module.vpc.aws_db_subnet_group.database",
            "module.networking.module.vpc.aws_default_network_acl.this",
            "module.networking.module.vpc.aws_default_security_group.this",
            "module.networking.module.vpc.aws_default_vpc.this",
            "module.networking.module.vpc.aws_egress_only_internet_gateway.this",
            "module.networking.module.vpc.aws_eip.nat",
            "module.networking.module.vpc.aws_elasticache_subnet_group.elasticache",
            "module.networking.module.vpc.aws_flow_log.this",
            "module.networking.module.vpc.aws_iam_policy.vpc_flow_log_cloudwatch",
            "module.networking.module.vpc.aws_iam_role.vpc_flow_log_cloudwatch",
            "module.networking.module.vpc.aws_iam_role_policy_attachment.vpc_flow_log_cloudwatch",
            "module.networking.module.vpc.aws_internet_gateway.this",
            "module.networking.module.vpc.aws_nat_gateway.this",
            "module.networking.module.vpc.aws_network_acl.database",
            "module.networking.module.vpc.aws_network_acl.elasticache",
            "module.networking.module.vpc.aws_network_acl.intra",
            "module.networking.module.vpc.aws_network_acl.private",
            "module.networking.module.vpc.aws_network_acl.public",
            "module.networking.module.vpc.aws_network_acl.redshift",
            "module.networking.module.vpc.aws_network_acl_rule.database_inbound",
            "module.networking.module.vpc.aws_network_acl_rule.database_outbound",
            "module.networking.module.vpc.aws_network_acl_rule.elasticache_inbound",
            "module.networking.module.vpc.aws_network_acl_rule.elasticache_outbound",
            "module.networking.module.vpc.aws_network_acl_rule.intra_inbound",
            "module.networking.module.vpc.aws_network_acl_rule.intra_outbound",
            "module.networking.module.vpc.aws_network_acl_rule.private_inbound",
            "module.networking.module.vpc.aws_network_acl_rule.private_outbound",
            "module.networking.module.vpc.aws_network_acl_rule.public_inbound",
            "module.networking.module.vpc.aws_network_acl_rule.public_outbound",
            "module.networking.module.vpc.aws_network_acl_rule.redshift_inbound",
            "module.networking.module.vpc.aws_network_acl_rule.redshift_outbound",
            "module.networking.module.vpc.aws_redshift_subnet_group.redshift",
            "module.networking.module.vpc.aws_route.database_internet_gateway",
            "module.networking.module.vpc.aws_route.database_ipv6_egress",
            "module.networking.module.vpc.aws_route.database_nat_gateway",
            "module.networking.module.vpc.aws_route.private_ipv6_egress",
            "module.networking.module.vpc.aws_route.private_nat_gateway",
            "module.networking.module.vpc.aws_route.public_internet_gateway",
            "module.networking.module.vpc.aws_route.public_internet_gateway_ipv6",
            "module.networking.module.vpc.aws_route_table.database",
            "module.networking.module.vpc.aws_route_table.elasticache",
            "module.networking.module.vpc.aws_route_table.intra",
            "module.networking.module.vpc.aws_route_table.private",
            "module.networking.module.vpc.aws_route_table.public",
            "module.networking.module.vpc.aws_route_table.redshift",
            "module.networking.module.vpc.aws_route_table_association.database",
            "module.networking.module.vpc.aws_route_table_association.elasticache",
            "module.networking.module.vpc.aws_route_table_association.intra",
            "module.networking.module.vpc.aws_route_table_association.private",
            "module.networking.module.vpc.aws_route_table_association.public",
            "module.networking.module.vpc.aws_route_table_association.redshift",
            "module.networking.module.vpc.aws_route_table_association.redshift_public",
            "module.networking.module.vpc.aws_subnet.database",
            "module.networking.module.vpc.aws_subnet.elasticache",
            "module.networking.module.vpc.aws_subnet.intra",
            "module.networking.module.vpc.aws_subnet.private",
            "module.networking.module.vpc.aws_subnet.public",
            "module.networking.module.vpc.aws_subnet.redshift",
            "module.networking.module.vpc.aws_vpc.this",
            "module.networking.module.vpc.aws_vpc_dhcp_options.this",
            "module.networking.module.vpc.aws_vpc_dhcp_options_association.this",
            "module.networking.module.vpc.aws_vpc_endpoint.access_analyzer",
            "module.networking.module.vpc.aws_vpc_endpoint.acm_pca",
            "module.networking.module.vpc.aws_vpc_endpoint.apigw",
            "module.networking.module.vpc.aws_vpc_endpoint.appmesh_envoy_management",
            "module.networking.module.vpc.aws_vpc_endpoint.appstream_api",
            "module.networking.module.vpc.aws_vpc_endpoint.appstream_streaming",
            "module.networking.module.vpc.aws_vpc_endpoint.athena",
            "module.networking.module.vpc.aws_vpc_endpoint.auto_scaling_plans",
            "module.networking.module.vpc.aws_vpc_endpoint.cloud_directory",
            "module.networking.module.vpc.aws_vpc_endpoint.cloudformation",
            "module.networking.module.vpc.aws_vpc_endpoint.cloudtrail",
            "module.networking.module.vpc.aws_vpc_endpoint.codeartifact_api",
            "module.networking.module.vpc.aws_vpc_endpoint.codeartifact_repositories",
            "module.networking.module.vpc.aws_vpc_endpoint.codebuild",
            "module.networking.module.vpc.aws_vpc_endpoint.codecommit",
            "module.networking.module.vpc.aws_vpc_endpoint.codedeploy",
            "module.networking.module.vpc.aws_vpc_endpoint.codedeploy_commands_secure",
            "module.networking.module.vpc.aws_vpc_endpoint.codepipeline",
            "module.networking.module.vpc.aws_vpc_endpoint.config",
            "module.networking.module.vpc.aws_vpc_endpoint.datasync",
            "module.networking.module.vpc.aws_vpc_endpoint.dynamodb",
            "module.networking.module.vpc.aws_vpc_endpoint.ebs",
            "module.networking.module.vpc.aws_vpc_endpoint.ec2",
            "module.networking.module.vpc.aws_vpc_endpoint.ec2_autoscaling",
            "module.networking.module.vpc.aws_vpc_endpoint.ec2messages",
            "module.networking.module.vpc.aws_vpc_endpoint.ecr_api",
            "module.networking.module.vpc.aws_vpc_endpoint.ecr_dkr",
            "module.networking.module.vpc.aws_vpc_endpoint.ecs",
            "module.networking.module.vpc.aws_vpc_endpoint.ecs_agent",
            "module.networking.module.vpc.aws_vpc_endpoint.ecs_telemetry",
            "module.networking.module.vpc.aws_vpc_endpoint.efs",
            "module.networking.module.vpc.aws_vpc_endpoint.elastic_inference_runtime",
            "module.networking.module.vpc.aws_vpc_endpoint.elasticbeanstalk",
            "module.networking.module.vpc.aws_vpc_endpoint.elasticbeanstalk_health",
            "module.networking.module.vpc.aws_vpc_endpoint.elasticloadbalancing",
            "module.networking.module.vpc.aws_vpc_endpoint.emr",
            "module.networking.module.vpc.aws_vpc_endpoint.events",
            "module.networking.module.vpc.aws_vpc_endpoint.git_codecommit",
            "module.networking.module.vpc.aws_vpc_endpoint.glue",
            "module.networking.module.vpc.aws_vpc_endpoint.kinesis_firehose",
            "module.networking.module.vpc.aws_vpc_endpoint.kinesis_streams",
            "module.networking.module.vpc.aws_vpc_endpoint.kms",
            "module.networking.module.vpc.aws_vpc_endpoint.lambda",
            "module.networking.module.vpc.aws_vpc_endpoint.logs",
            "module.networking.module.vpc.aws_vpc_endpoint.monitoring",
            "module.networking.module.vpc.aws_vpc_endpoint.qldb_session",
            "module.networking.module.vpc.aws_vpc_endpoint.rds",
            "module.networking.module.vpc.aws_vpc_endpoint.rekognition",
            "module.networking.module.vpc.aws_vpc_endpoint.s3",
            "module.networking.module.vpc.aws_vpc_endpoint.sagemaker_api",
            "module.networking.module.vpc.aws_vpc_endpoint.sagemaker_notebook",
            "module.networking.module.vpc.aws_vpc_endpoint.sagemaker_runtime",
            "module.networking.module.vpc.aws_vpc_endpoint.secretsmanager",
            "module.networking.module.vpc.aws_vpc_endpoint.servicecatalog",
            "module.networking.module.vpc.aws_vpc_endpoint.ses",
            "module.networking.module.vpc.aws_vpc_endpoint.sms",
            "module.networking.module.vpc.aws_vpc_endpoint.sns",
            "module.networking.module.vpc.aws_vpc_endpoint.sqs",
            "module.networking.module.vpc.aws_vpc_endpoint.ssm",
            "module.networking.module.vpc.aws_vpc_endpoint.ssmmessages",
            "module.networking.module.vpc.aws_vpc_endpoint.states",
            "module.networking.module.vpc.aws_vpc_endpoint.storagegateway",
            "module.networking.module.vpc.aws_vpc_endpoint.sts",
            "module.networking.module.vpc.aws_vpc_endpoint.textract",
            "module.networking.module.vpc.aws_vpc_endpoint.transfer",
            "module.networking.module.vpc.aws_vpc_endpoint.transferserver",
            "module.networking.module.vpc.aws_vpc_endpoint.workspaces",
            "module.networking.module.vpc.aws_vpc_endpoint_route_table_association.intra_dynamodb",
            "module.networking.module.vpc.aws_vpc_endpoint_route_table_association.intra_s3",
            "module.networking.module.vpc.aws_vpc_endpoint_route_table_association.private_dynamodb",
            "module.networking.module.vpc.aws_vpc_endpoint_route_table_association.private_s3",
            "module.networking.module.vpc.aws_vpc_endpoint_route_table_association.public_dynamodb",
            "module.networking.module.vpc.aws_vpc_endpoint_route_table_association.public_s3",
            "module.networking.module.vpc.aws_vpc_ipv4_cidr_block_association.this",
            "module.networking.module.vpc.aws_vpn_gateway.this",
            "module.networking.module.vpc.aws_vpn_gateway_attachment.this",
            "module.networking.module.vpc.aws_vpn_gateway_route_propagation.intra",
            "module.networking.module.vpc.aws_vpn_gateway_route_propagation.private",
            "module.networking.module.vpc.aws_vpn_gateway_route_propagation.public",
            "module.networking.module.vpc.data.aws_iam_policy_document.flow_log_cloudwatch_assume_role",
            "module.networking.module.vpc.data.aws_iam_policy_document.vpc_flow_log_cloudwatch",
            "module.networking.module.vpc.data.aws_vpc_endpoint_service.access_analyzer",
            "module.networking.module.vpc.data.aws_vpc_endpoint_service.acm_pca",
            "module.networking.module.vpc.data.aws_vpc_endpoint_service.apigw",
            "module.networking.module.vpc.data.aws_vpc_endpoint_service.appmesh_envoy_management",
            "module.networking.module.vpc.data.aws_vpc_endpoint_service.appstream_api",
            "module.networking.module.vpc.data.aws_vpc_endpoint_service.appstream_streaming",
            "module.networking.module.vpc.data.aws_vpc_endpoint_service.athena",
            "module.networking.module.vpc.data.aws_vpc_endpoint_service.auto_scaling_plans",
            "module.networking.module.vpc.data.aws_vpc_endpoint_service.cloud_directory",
            "module.networking.module.vpc.data.aws_vpc_endpoint_service.cloudformation",
            "module.networking.module.vpc.data.aws_vpc_endpoint_service.cloudtrail",
            "module.networking.module.vpc.data.aws_vpc_endpoint_service.codeartifact_api",
            "module.networking.module.vpc.data.aws_vpc_endpoint_service.codeartifact_repositories",
            "module.networking.module.vpc.data.aws_vpc_endpoint_service.codebuild",
            "module.networking.module.vpc.data.aws_vpc_endpoint_service.codecommit",
            "module.networking.module.vpc.data.aws_vpc_endpoint_service.codedeploy",
            "module.networking.module.vpc.data.aws_vpc_endpoint_service.codedeploy_commands_secure",
            "module.networking.module.vpc.data.aws_vpc_endpoint_service.codepipeline",
            "module.networking.module.vpc.data.aws_vpc_endpoint_service.config",
            "module.networking.module.vpc.data.aws_vpc_endpoint_service.datasync",
            "module.networking.module.vpc.data.aws_vpc_endpoint_service.dynamodb",
            "module.networking.module.vpc.data.aws_vpc_endpoint_service.ebs",
            "module.networking.module.vpc.data.aws_vpc_endpoint_service.ec2",
            "module.networking.module.vpc.data.aws_vpc_endpoint_service.ec2_autoscaling",
            "module.networking.module.vpc.data.aws_vpc_endpoint_service.ec2messages",
            "module.networking.module.vpc.data.aws_vpc_endpoint_service.ecr_api",
            "module.networking.module.vpc.data.aws_vpc_endpoint_service.ecr_dkr",
            "module.networking.module.vpc.data.aws_vpc_endpoint_service.ecs",
            "module.networking.module.vpc.data.aws_vpc_endpoint_service.ecs_agent",
            "module.networking.module.vpc.data.aws_vpc_endpoint_service.ecs_telemetry",
            "module.networking.module.vpc.data.aws_vpc_endpoint_service.efs",
            "module.networking.module.vpc.data.aws_vpc_endpoint_service.elastic_inference_runtime",
            "module.networking.module.vpc.data.aws_vpc_endpoint_service.elasticbeanstalk",
            "module.networking.module.vpc.data.aws_vpc_endpoint_service.elasticbeanstalk_health",
            "module.networking.module.vpc.data.aws_vpc_endpoint_service.elasticloadbalancing",
            "module.networking.module.vpc.data.aws_vpc_endpoint_service.emr",
            "module.networking.module.vpc.data.aws_vpc_endpoint_service.events",
            "module.networking.module.vpc.data.aws_vpc_endpoint_service.git_codecommit",
            "module.networking.module.vpc.data.aws_vpc_endpoint_service.glue",
            "module.networking.module.vpc.data.aws_vpc_endpoint_service.kinesis_firehose",
            "module.networking.module.vpc.data.aws_vpc_endpoint_service.kinesis_streams",
            "module.networking.module.vpc.data.aws_vpc_endpoint_service.kms",
            "module.networking.module.vpc.data.aws_vpc_endpoint_service.lambda",
            "module.networking.module.vpc.data.aws_vpc_endpoint_service.logs",
            "module.networking.module.vpc.data.aws_vpc_endpoint_service.monitoring",
            "module.networking.module.vpc.data.aws_vpc_endpoint_service.qldb_session",
            "module.networking.module.vpc.data.aws_vpc_endpoint_service.rds",
            "module.networking.module.vpc.data.aws_vpc_endpoint_service.rekognition",
            "module.networking.module.vpc.data.aws_vpc_endpoint_service.s3",
            "module.networking.module.vpc.data.aws_vpc_endpoint_service.sagemaker_api",
            "module.networking.module.vpc.data.aws_vpc_endpoint_service.sagemaker_notebook",
            "module.networking.module.vpc.data.aws_vpc_endpoint_service.sagemaker_runtime",
            "module.networking.module.vpc.data.aws_vpc_endpoint_service.secretsmanager",
            "module.networking.module.vpc.data.aws_vpc_endpoint_service.servicecatalog",
            "module.networking.module.vpc.data.aws_vpc_endpoint_service.ses",
            "module.networking.module.vpc.data.aws_vpc_endpoint_service.sms",
            "module.networking.module.vpc.data.aws_vpc_endpoint_service.sns",
            "module.networking.module.vpc.data.aws_vpc_endpoint_service.sqs",
            "module.networking.module.vpc.data.aws_vpc_endpoint_service.ssm",
            "module.networking.module.vpc.data.aws_vpc_endpoint_service.ssmmessages",
            "module.networking.module.vpc.data.aws_vpc_endpoint_service.states",
            "module.networking.module.vpc.data.aws_vpc_endpoint_service.storagegateway",
            "module.networking.module.vpc.data.aws_vpc_endpoint_service.sts",
            "module.networking.module.vpc.data.aws_vpc_endpoint_service.textract",
            "module.networking.module.vpc.data.aws_vpc_endpoint_service.transfer",
            "module.networking.module.vpc.data.aws_vpc_endpoint_service.transferserver",
            "module.networking.module.vpc.data.aws_vpc_endpoint_service.workspaces",
            "module.networking.module.websvr_sg.aws_security_group.security_group"
          ],
          "create_before_destroy": true
        }
      ]
    },
    {
      "module": "module.autoscaling.module.iam_instance_profile",
      "mode": "data",
      "type": "aws_iam_policy_document",
      "name": "iam_policy_document",
      "provider": "provider[\"registry.terraform.io/hashicorp/aws\"]",
      "instances": [
        {
          "schema_version": 0,
          "attributes": {
            "id": "2717263653",
            "json": "{\n  \"Version\": \"2012-10-17\",\n  \"Statement\": [\n    {\n      \"Sid\": \"\",\n      \"Effect\": \"Allow\",\n      \"Action\": [\n        \"rds:*\",\n        \"logs:*\"\n      ],\n      \"Resource\": \"*\"\n    }\n  ]\n}",
            "override_json": null,
            "override_policy_documents": null,
            "policy_id": null,
            "source_json": null,
            "source_policy_documents": null,
            "statement": [
              {
                "actions": [
                  "logs:*",
                  "rds:*"
                ],
                "condition": [],
                "effect": "Allow",
                "not_actions": [],
                "not_principals": [],
                "not_resources": [],
                "principals": [],
                "resources": [
                  "*"
                ],
                "sid": ""
              }
            ],
            "version": "2012-10-17"
          },
          "sensitive_attributes": []
        }
      ]
    },
    {
      "module": "module.autoscaling.module.iam_instance_profile",
      "mode": "managed",
      "type": "aws_iam_instance_profile",
      "name": "iam_instance_profile",
      "provider": "provider[\"registry.terraform.io/hashicorp/aws\"]",
      "instances": [
        {
          "schema_version": 0,
          "attributes": {
            "arn": "arn:aws:iam::151456088802:instance-profile/terraform-20220810103000488100000003",
            "create_date": "2022-08-10T10:30:01Z",
            "id": "terraform-20220810103000488100000003",
            "name": "terraform-20220810103000488100000003",
            "name_prefix": null,
            "path": "/",
            "role": "terraform-20220810102955821600000001",
            "tags": {},
            "tags_all": {},
            "unique_id": "AIPASGQ34QLRGX2G4HWKC"
          },
          "sensitive_attributes": [],
          "private": "bnVsbA==",
          "dependencies": [
            "module.autoscaling.module.iam_instance_profile.aws_iam_role.iam_role"
          ]
        }
      ]
    },
    {
      "module": "module.autoscaling.module.iam_instance_profile",
      "mode": "managed",
      "type": "aws_iam_role",
      "name": "iam_role",
      "provider": "provider[\"registry.terraform.io/hashicorp/aws\"]",
      "instances": [
        {
          "schema_version": 0,
          "attributes": {
            "arn": "arn:aws:iam::151456088802:role/terraform-20220810102955821600000001",
            "assume_role_policy": "{\"Version\":\"2012-10-17\",\"Statement\":[{\"Effect\":\"Allow\",\"Principal\":{\"Service\":\"ec2.amazonaws.com\"},\"Action\":\"sts:AssumeRole\"}]}",
            "create_date": "2022-08-10T10:29:56Z",
            "description": "",
            "force_detach_policies": false,
            "id": "terraform-20220810102955821600000001",
            "inline_policy": [
              {
                "name": "terraform-20220810103000487600000002",
                "policy": "{\n  \"Version\": \"2012-10-17\",\n  \"Statement\": [\n    {\n      \"Sid\": \"\",\n      \"Effect\": \"Allow\",\n      \"Action\": [\n        \"rds:*\",\n        \"logs:*\"\n      ],\n      \"Resource\": \"*\"\n    }\n  ]\n}"
              }
            ],
            "managed_policy_arns": [],
            "max_session_duration": 3600,
            "name": "terraform-20220810102955821600000001",
            "name_prefix": "terraform-",
            "path": "/",
            "permissions_boundary": null,
            "tags": {},
            "tags_all": {},
            "unique_id": "AROASGQ34QLRLWWJYOV3G"
          },
          "sensitive_attributes": [],
          "private": "bnVsbA=="
        }
      ]
    },
    {
      "module": "module.autoscaling.module.iam_instance_profile",
      "mode": "managed",
      "type": "aws_iam_role_policy",
      "name": "iam_role_policy",
      "provider": "provider[\"registry.terraform.io/hashicorp/aws\"]",
      "instances": [
        {
          "schema_version": 0,
          "attributes": {
            "id": "terraform-20220810102955821600000001:terraform-20220810103000487600000002",
            "name": "terraform-20220810103000487600000002",
            "name_prefix": null,
            "policy": "{\n  \"Version\": \"2012-10-17\",\n  \"Statement\": [\n    {\n      \"Sid\": \"\",\n      \"Effect\": \"Allow\",\n      \"Action\": [\n        \"rds:*\",\n        \"logs:*\"\n      ],\n      \"Resource\": \"*\"\n    }\n  ]\n}",
            "role": "terraform-20220810102955821600000001"
          },
          "sensitive_attributes": [],
          "private": "bnVsbA==",
          "dependencies": [
            "module.autoscaling.module.iam_instance_profile.aws_iam_role.iam_role",
            "module.autoscaling.module.iam_instance_profile.data.aws_iam_policy_document.iam_policy_document"
          ]
        }
      ]
    },
    {
      "module": "module.database",
      "mode": "managed",
      "type": "aws_db_instance",
      "name": "database",
      "provider": "provider[\"registry.terraform.io/hashicorp/aws\"]",
      "instances": [
        {
          "schema_version": 1,
          "attributes": {
            "address": "my-cool-project-db-instance.cyyrz1j3dt4l.us-east-1.rds.amazonaws.com",
            "allocated_storage": 10,
            "allow_major_version_upgrade": null,
            "apply_immediately": null,
            "arn": "arn:aws:rds:us-east-1:151456088802:db:my-cool-project-db-instance",
            "auto_minor_version_upgrade": true,
            "availability_zone": "us-east-1a",
            "backup_retention_period": 0,
            "backup_window": "09:28-09:58",
            "ca_cert_identifier": "rds-ca-2019",
            "character_set_name": "",
            "copy_tags_to_snapshot": false,
            "customer_owned_ip_enabled": false,
            "db_subnet_group_name": "my-cool-project-vpc",
            "delete_automated_backups": true,
            "deletion_protection": false,
            "domain": "",
            "domain_iam_role_name": "",
            "enabled_cloudwatch_logs_exports": null,
            "endpoint": "my-cool-project-db-instance.cyyrz1j3dt4l.us-east-1.rds.amazonaws.com:3306",
            "engine": "mysql",
            "engine_version": "8.0",
            "engine_version_actual": "8.0.28",
            "final_snapshot_identifier": null,
            "hosted_zone_id": "Z2R2ITUGPM61AM",
            "iam_database_authentication_enabled": false,
            "id": "my-cool-project-db-instance",
            "identifier": "my-cool-project-db-instance",
            "identifier_prefix": null,
            "instance_class": "db.t2.micro",
            "iops": 0,
            "kms_key_id": "",
            "latest_restorable_time": "0001-01-01T00:00:00Z",
            "license_model": "general-public-license",
            "maintenance_window": "thu:06:50-thu:07:20",
            "max_allocated_storage": 0,
            "monitoring_interval": 0,
            "monitoring_role_arn": "",
            "multi_az": false,
            "name": "pets",
            "nchar_character_set_name": "",
            "option_group_name": "default:mysql-8-0",
            "parameter_group_name": "default.mysql8.0",
            "password": "admin12345678",
            "performance_insights_enabled": false,
            "performance_insights_kms_key_id": "",
            "performance_insights_retention_period": 0,
            "port": 3306,
            "publicly_accessible": false,
            "replica_mode": "",
            "replicas": [],
            "replicate_source_db": "",
            "resource_id": "db-XZXQMODGTCBFQKADLQUBX66TF4",
            "restore_to_point_in_time": [],
            "s3_import": [],
            "security_group_names": null,
            "skip_final_snapshot": true,
            "snapshot_identifier": null,
            "status": "available",
            "storage_encrypted": false,
            "storage_type": "gp2",
            "tags": null,
            "tags_all": {},
            "timeouts": null,
            "timezone": "",
            "username": "admin",
            "vpc_security_group_ids": [
              "sg-0baacf9083da141c3"
            ]
          },
          "sensitive_attributes": [],
          "private": "eyJlMmJmYjczMC1lY2FhLTExZTYtOGY4OC0zNDM2M2JjN2M0YzAiOnsiY3JlYXRlIjoyNDAwMDAwMDAwMDAwLCJkZWxldGUiOjM2MDAwMDAwMDAwMDAsInVwZGF0ZSI6NDgwMDAwMDAwMDAwMH0sInNjaGVtYV92ZXJzaW9uIjoiMSJ9",
          "dependencies": [
            "module.networking.data.aws_availability_zones.available",
            "module.networking.module.db_sg.aws_security_group.security_group",
            "module.networking.module.lb_sg.aws_security_group.security_group",
            "module.networking.module.vpc.aws_cloudwatch_log_group.flow_log",
            "module.networking.module.vpc.aws_customer_gateway.this",
            "module.networking.module.vpc.aws_db_subnet_group.database",
            "module.networking.module.vpc.aws_default_network_acl.this",
            "module.networking.module.vpc.aws_default_security_group.this",
            "module.networking.module.vpc.aws_default_vpc.this",
            "module.networking.module.vpc.aws_egress_only_internet_gateway.this",
            "module.networking.module.vpc.aws_eip.nat",
            "module.networking.module.vpc.aws_elasticache_subnet_group.elasticache",
            "module.networking.module.vpc.aws_flow_log.this",
            "module.networking.module.vpc.aws_iam_policy.vpc_flow_log_cloudwatch",
            "module.networking.module.vpc.aws_iam_role.vpc_flow_log_cloudwatch",
            "module.networking.module.vpc.aws_iam_role_policy_attachment.vpc_flow_log_cloudwatch",
            "module.networking.module.vpc.aws_internet_gateway.this",
            "module.networking.module.vpc.aws_nat_gateway.this",
            "module.networking.module.vpc.aws_network_acl.database",
            "module.networking.module.vpc.aws_network_acl.elasticache",
            "module.networking.module.vpc.aws_network_acl.intra",
            "module.networking.module.vpc.aws_network_acl.private",
            "module.networking.module.vpc.aws_network_acl.public",
            "module.networking.module.vpc.aws_network_acl.redshift",
            "module.networking.module.vpc.aws_network_acl_rule.database_inbound",
            "module.networking.module.vpc.aws_network_acl_rule.database_outbound",
            "module.networking.module.vpc.aws_network_acl_rule.elasticache_inbound",
            "module.networking.module.vpc.aws_network_acl_rule.elasticache_outbound",
            "module.networking.module.vpc.aws_network_acl_rule.intra_inbound",
            "module.networking.module.vpc.aws_network_acl_rule.intra_outbound",
            "module.networking.module.vpc.aws_network_acl_rule.private_inbound",
            "module.networking.module.vpc.aws_network_acl_rule.private_outbound",
            "module.networking.module.vpc.aws_network_acl_rule.public_inbound",
            "module.networking.module.vpc.aws_network_acl_rule.public_outbound",
            "module.networking.module.vpc.aws_network_acl_rule.redshift_inbound",
            "module.networking.module.vpc.aws_network_acl_rule.redshift_outbound",
            "module.networking.module.vpc.aws_redshift_subnet_group.redshift",
            "module.networking.module.vpc.aws_route.database_internet_gateway",
            "module.networking.module.vpc.aws_route.database_ipv6_egress",
            "module.networking.module.vpc.aws_route.database_nat_gateway",
            "module.networking.module.vpc.aws_route.private_ipv6_egress",
            "module.networking.module.vpc.aws_route.private_nat_gateway",
            "module.networking.module.vpc.aws_route.public_internet_gateway",
            "module.networking.module.vpc.aws_route.public_internet_gateway_ipv6",
            "module.networking.module.vpc.aws_route_table.database",
            "module.networking.module.vpc.aws_route_table.elasticache",
            "module.networking.module.vpc.aws_route_table.intra",
            "module.networking.module.vpc.aws_route_table.private",
            "module.networking.module.vpc.aws_route_table.public",
            "module.networking.module.vpc.aws_route_table.redshift",
            "module.networking.module.vpc.aws_route_table_association.database",
            "module.networking.module.vpc.aws_route_table_association.elasticache",
            "module.networking.module.vpc.aws_route_table_association.intra",
            "module.networking.module.vpc.aws_route_table_association.private",
            "module.networking.module.vpc.aws_route_table_association.public",
            "module.networking.module.vpc.aws_route_table_association.redshift",
            "module.networking.module.vpc.aws_route_table_association.redshift_public",
            "module.networking.module.vpc.aws_subnet.database",
            "module.networking.module.vpc.aws_subnet.elasticache",
            "module.networking.module.vpc.aws_subnet.intra",
            "module.networking.module.vpc.aws_subnet.private",
            "module.networking.module.vpc.aws_subnet.public",
            "module.networking.module.vpc.aws_subnet.redshift",
            "module.networking.module.vpc.aws_vpc.this",
            "module.networking.module.vpc.aws_vpc_dhcp_options.this",
            "module.networking.module.vpc.aws_vpc_dhcp_options_association.this",
            "module.networking.module.vpc.aws_vpc_endpoint.access_analyzer",
            "module.networking.module.vpc.aws_vpc_endpoint.acm_pca",
            "module.networking.module.vpc.aws_vpc_endpoint.apigw",
            "module.networking.module.vpc.aws_vpc_endpoint.appmesh_envoy_management",
            "module.networking.module.vpc.aws_vpc_endpoint.appstream_api",
            "module.networking.module.vpc.aws_vpc_endpoint.appstream_streaming",
            "module.networking.module.vpc.aws_vpc_endpoint.athena",
            "module.networking.module.vpc.aws_vpc_endpoint.auto_scaling_plans",
            "module.networking.module.vpc.aws_vpc_endpoint.cloud_directory",
            "module.networking.module.vpc.aws_vpc_endpoint.cloudformation",
            "module.networking.module.vpc.aws_vpc_endpoint.cloudtrail",
            "module.networking.module.vpc.aws_vpc_endpoint.codeartifact_api",
            "module.networking.module.vpc.aws_vpc_endpoint.codeartifact_repositories",
            "module.networking.module.vpc.aws_vpc_endpoint.codebuild",
            "module.networking.module.vpc.aws_vpc_endpoint.codecommit",
            "module.networking.module.vpc.aws_vpc_endpoint.codedeploy",
            "module.networking.module.vpc.aws_vpc_endpoint.codedeploy_commands_secure",
            "module.networking.module.vpc.aws_vpc_endpoint.codepipeline",
            "module.networking.module.vpc.aws_vpc_endpoint.config",
            "module.networking.module.vpc.aws_vpc_endpoint.datasync",
            "module.networking.module.vpc.aws_vpc_endpoint.dynamodb",
            "module.networking.module.vpc.aws_vpc_endpoint.ebs",
            "module.networking.module.vpc.aws_vpc_endpoint.ec2",
            "module.networking.module.vpc.aws_vpc_endpoint.ec2_autoscaling",
            "module.networking.module.vpc.aws_vpc_endpoint.ec2messages",
            "module.networking.module.vpc.aws_vpc_endpoint.ecr_api",
            "module.networking.module.vpc.aws_vpc_endpoint.ecr_dkr",
            "module.networking.module.vpc.aws_vpc_endpoint.ecs",
            "module.networking.module.vpc.aws_vpc_endpoint.ecs_agent",
            "module.networking.module.vpc.aws_vpc_endpoint.ecs_telemetry",
            "module.networking.module.vpc.aws_vpc_endpoint.efs",
            "module.networking.module.vpc.aws_vpc_endpoint.elastic_inference_runtime",
            "module.networking.module.vpc.aws_vpc_endpoint.elasticbeanstalk",
            "module.networking.module.vpc.aws_vpc_endpoint.elasticbeanstalk_health",
            "module.networking.module.vpc.aws_vpc_endpoint.elasticloadbalancing",
            "module.networking.module.vpc.aws_vpc_endpoint.emr",
            "module.networking.module.vpc.aws_vpc_endpoint.events",
            "module.networking.module.vpc.aws_vpc_endpoint.git_codecommit",
            "module.networking.module.vpc.aws_vpc_endpoint.glue",
            "module.networking.module.vpc.aws_vpc_endpoint.kinesis_firehose",
            "module.networking.module.vpc.aws_vpc_endpoint.kinesis_streams",
            "module.networking.module.vpc.aws_vpc_endpoint.kms",
            "module.networking.module.vpc.aws_vpc_endpoint.lambda",
            "module.networking.module.vpc.aws_vpc_endpoint.logs",
            "module.networking.module.vpc.aws_vpc_endpoint.monitoring",
            "module.networking.module.vpc.aws_vpc_endpoint.qldb_session",
            "module.networking.module.vpc.aws_vpc_endpoint.rds",
            "module.networking.module.vpc.aws_vpc_endpoint.rekognition",
            "module.networking.module.vpc.aws_vpc_endpoint.s3",
            "module.networking.module.vpc.aws_vpc_endpoint.sagemaker_api",
            "module.networking.module.vpc.aws_vpc_endpoint.sagemaker_notebook",
            "module.networking.module.vpc.aws_vpc_endpoint.sagemaker_runtime",
            "module.networking.module.vpc.aws_vpc_endpoint.secretsmanager",
            "module.networking.module.vpc.aws_vpc_endpoint.servicecatalog",
            "module.networking.module.vpc.aws_vpc_endpoint.ses",
            "module.networking.module.vpc.aws_vpc_endpoint.sms",
            "module.networking.module.vpc.aws_vpc_endpoint.sns",
            "module.networking.module.vpc.aws_vpc_endpoint.sqs",
            "module.networking.module.vpc.aws_vpc_endpoint.ssm",
            "module.networking.module.vpc.aws_vpc_endpoint.ssmmessages",
            "module.networking.module.vpc.aws_vpc_endpoint.states",
            "module.networking.module.vpc.aws_vpc_endpoint.storagegateway",
            "module.networking.module.vpc.aws_vpc_endpoint.sts",
            "module.networking.module.vpc.aws_vpc_endpoint.textract",
            "module.networking.module.vpc.aws_vpc_endpoint.transfer",
            "module.networking.module.vpc.aws_vpc_endpoint.transferserver",
            "module.networking.module.vpc.aws_vpc_endpoint.workspaces",
            "module.networking.module.vpc.aws_vpc_endpoint_route_table_association.intra_dynamodb",
            "module.networking.module.vpc.aws_vpc_endpoint_route_table_association.intra_s3",
            "module.networking.module.vpc.aws_vpc_endpoint_route_table_association.private_dynamodb",
            "module.networking.module.vpc.aws_vpc_endpoint_route_table_association.private_s3",
            "module.networking.module.vpc.aws_vpc_endpoint_route_table_association.public_dynamodb",
            "module.networking.module.vpc.aws_vpc_endpoint_route_table_association.public_s3",
            "module.networking.module.vpc.aws_vpc_ipv4_cidr_block_association.this",
            "module.networking.module.vpc.aws_vpn_gateway.this",
            "module.networking.module.vpc.aws_vpn_gateway_attachment.this",
            "module.networking.module.vpc.aws_vpn_gateway_route_propagation.intra",
            "module.networking.module.vpc.aws_vpn_gateway_route_propagation.private",
            "module.networking.module.vpc.aws_vpn_gateway_route_propagation.public",
            "module.networking.module.vpc.data.aws_iam_policy_document.flow_log_cloudwatch_assume_role",
            "module.networking.module.vpc.data.aws_iam_policy_document.vpc_flow_log_cloudwatch",
            "module.networking.module.vpc.data.aws_vpc_endpoint_service.access_analyzer",
            "module.networking.module.vpc.data.aws_vpc_endpoint_service.acm_pca",
            "module.networking.module.vpc.data.aws_vpc_endpoint_service.apigw",
            "module.networking.module.vpc.data.aws_vpc_endpoint_service.appmesh_envoy_management",
            "module.networking.module.vpc.data.aws_vpc_endpoint_service.appstream_api",
            "module.networking.module.vpc.data.aws_vpc_endpoint_service.appstream_streaming",
            "module.networking.module.vpc.data.aws_vpc_endpoint_service.athena",
            "module.networking.module.vpc.data.aws_vpc_endpoint_service.auto_scaling_plans",
            "module.networking.module.vpc.data.aws_vpc_endpoint_service.cloud_directory",
            "module.networking.module.vpc.data.aws_vpc_endpoint_service.cloudformation",
            "module.networking.module.vpc.data.aws_vpc_endpoint_service.cloudtrail",
            "module.networking.module.vpc.data.aws_vpc_endpoint_service.codeartifact_api",
            "module.networking.module.vpc.data.aws_vpc_endpoint_service.codeartifact_repositories",
            "module.networking.module.vpc.data.aws_vpc_endpoint_service.codebuild",
            "module.networking.module.vpc.data.aws_vpc_endpoint_service.codecommit",
            "module.networking.module.vpc.data.aws_vpc_endpoint_service.codedeploy",
            "module.networking.module.vpc.data.aws_vpc_endpoint_service.codedeploy_commands_secure",
            "module.networking.module.vpc.data.aws_vpc_endpoint_service.codepipeline",
            "module.networking.module.vpc.data.aws_vpc_endpoint_service.config",
            "module.networking.module.vpc.data.aws_vpc_endpoint_service.datasync",
            "module.networking.module.vpc.data.aws_vpc_endpoint_service.dynamodb",
            "module.networking.module.vpc.data.aws_vpc_endpoint_service.ebs",
            "module.networking.module.vpc.data.aws_vpc_endpoint_service.ec2",
            "module.networking.module.vpc.data.aws_vpc_endpoint_service.ec2_autoscaling",
            "module.networking.module.vpc.data.aws_vpc_endpoint_service.ec2messages",
            "module.networking.module.vpc.data.aws_vpc_endpoint_service.ecr_api",
            "module.networking.module.vpc.data.aws_vpc_endpoint_service.ecr_dkr",
            "module.networking.module.vpc.data.aws_vpc_endpoint_service.ecs",
            "module.networking.module.vpc.data.aws_vpc_endpoint_service.ecs_agent",
            "module.networking.module.vpc.data.aws_vpc_endpoint_service.ecs_telemetry",
            "module.networking.module.vpc.data.aws_vpc_endpoint_service.efs",
            "module.networking.module.vpc.data.aws_vpc_endpoint_service.elastic_inference_runtime",
            "module.networking.module.vpc.data.aws_vpc_endpoint_service.elasticbeanstalk",
            "module.networking.module.vpc.data.aws_vpc_endpoint_service.elasticbeanstalk_health",
            "module.networking.module.vpc.data.aws_vpc_endpoint_service.elasticloadbalancing",
            "module.networking.module.vpc.data.aws_vpc_endpoint_service.emr",
            "module.networking.module.vpc.data.aws_vpc_endpoint_service.events",
            "module.networking.module.vpc.data.aws_vpc_endpoint_service.git_codecommit",
            "module.networking.module.vpc.data.aws_vpc_endpoint_service.glue",
            "module.networking.module.vpc.data.aws_vpc_endpoint_service.kinesis_firehose",
            "module.networking.module.vpc.data.aws_vpc_endpoint_service.kinesis_streams",
            "module.networking.module.vpc.data.aws_vpc_endpoint_service.kms",
            "module.networking.module.vpc.data.aws_vpc_endpoint_service.lambda",
            "module.networking.module.vpc.data.aws_vpc_endpoint_service.logs",
            "module.networking.module.vpc.data.aws_vpc_endpoint_service.monitoring",
            "module.networking.module.vpc.data.aws_vpc_endpoint_service.qldb_session",
            "module.networking.module.vpc.data.aws_vpc_endpoint_service.rds",
            "module.networking.module.vpc.data.aws_vpc_endpoint_service.rekognition",
            "module.networking.module.vpc.data.aws_vpc_endpoint_service.s3",
            "module.networking.module.vpc.data.aws_vpc_endpoint_service.sagemaker_api",
            "module.networking.module.vpc.data.aws_vpc_endpoint_service.sagemaker_notebook",
            "module.networking.module.vpc.data.aws_vpc_endpoint_service.sagemaker_runtime",
            "module.networking.module.vpc.data.aws_vpc_endpoint_service.secretsmanager",
            "module.networking.module.vpc.data.aws_vpc_endpoint_service.servicecatalog",
            "module.networking.module.vpc.data.aws_vpc_endpoint_service.ses",
            "module.networking.module.vpc.data.aws_vpc_endpoint_service.sms",
            "module.networking.module.vpc.data.aws_vpc_endpoint_service.sns",
            "module.networking.module.vpc.data.aws_vpc_endpoint_service.sqs",
            "module.networking.module.vpc.data.aws_vpc_endpoint_service.ssm",
            "module.networking.module.vpc.data.aws_vpc_endpoint_service.ssmmessages",
            "module.networking.module.vpc.data.aws_vpc_endpoint_service.states",
            "module.networking.module.vpc.data.aws_vpc_endpoint_service.storagegateway",
            "module.networking.module.vpc.data.aws_vpc_endpoint_service.sts",
            "module.networking.module.vpc.data.aws_vpc_endpoint_service.textract",
            "module.networking.module.vpc.data.aws_vpc_endpoint_service.transfer",
            "module.networking.module.vpc.data.aws_vpc_endpoint_service.transferserver",
            "module.networking.module.vpc.data.aws_vpc_endpoint_service.workspaces",
            "module.networking.module.websvr_sg.aws_security_group.security_group"
          ]
        }
      ]
    },
    {
      "module": "module.networking",
      "mode": "data",
      "type": "aws_availability_zones",
      "name": "available",
      "provider": "provider[\"registry.terraform.io/hashicorp/aws\"]",
      "instances": [
        {
          "schema_version": 0,
          "attributes": {
            "all_availability_zones": null,
            "exclude_names": null,
            "exclude_zone_ids": null,
            "filter": null,
            "group_names": [
              "us-east-1"
            ],
            "id": "us-east-1",
            "names": [
              "us-east-1a",
              "us-east-1b",
              "us-east-1c",
              "us-east-1d",
              "us-east-1e",
              "us-east-1f"
            ],
            "state": null,
            "zone_ids": [
              "use1-az6",
              "use1-az1",
              "use1-az2",
              "use1-az4",
              "use1-az3",
              "use1-az5"
            ]
          },
          "sensitive_attributes": []
        }
      ]
    },
    {
      "module": "module.networking.module.db_sg",
      "mode": "managed",
      "type": "aws_security_group",
      "name": "security_group",
      "provider": "provider[\"registry.terraform.io/hashicorp/aws\"]",
      "instances": [
        {
          "schema_version": 1,
          "attributes": {
            "arn": "arn:aws:ec2:us-east-1:151456088802:security-group/sg-0baacf9083da141c3",
            "description": "Managed by Terraform",
            "egress": [
              {
                "cidr_blocks": [
                  "0.0.0.0/0"
                ],
                "description": "",
                "from_port": 0,
                "ipv6_cidr_blocks": [],
                "prefix_list_ids": [],
                "protocol": "-1",
                "security_groups": [],
                "self": false,
                "to_port": 0
              }
            ],
            "id": "sg-0baacf9083da141c3",
            "ingress": [
              {
                "cidr_blocks": [],
                "description": "",
                "from_port": 0,
                "ipv6_cidr_blocks": [],
                "prefix_list_ids": [],
                "protocol": "-1",
                "security_groups": [],
                "self": true,
                "to_port": 0
              },
              {
                "cidr_blocks": [],
                "description": "",
                "from_port": 3306,
                "ipv6_cidr_blocks": [],
                "prefix_list_ids": [],
                "protocol": "tcp",
                "security_groups": [
                  "sg-0924a388fbeab087e"
                ],
                "self": false,
                "to_port": 3306
              }
            ],
            "name": "terraform-20220810103039803600000006",
            "name_prefix": "terraform-",
            "owner_id": "151456088802",
            "revoke_rules_on_delete": false,
            "tags": {},
            "tags_all": {},
            "timeouts": null,
            "vpc_id": "vpc-0458d1292ba515c4a"
          },
          "sensitive_attributes": [],
          "private": "eyJlMmJmYjczMC1lY2FhLTExZTYtOGY4OC0zNDM2M2JjN2M0YzAiOnsiY3JlYXRlIjo2MDAwMDAwMDAwMDAsImRlbGV0ZSI6OTAwMDAwMDAwMDAwfSwic2NoZW1hX3ZlcnNpb24iOiIxIn0=",
          "dependencies": [
            "module.networking.module.lb_sg.aws_security_group.security_group",
            "module.networking.module.vpc.aws_vpc.this",
            "module.networking.module.websvr_sg.aws_security_group.security_group"
          ],
          "create_before_destroy": true
        }
      ]
    },
    {
      "module": "module.networking.module.lb_sg",
      "mode": "managed",
      "type": "aws_security_group",
      "name": "security_group",
      "provider": "provider[\"registry.terraform.io/hashicorp/aws\"]",
      "instances": [
        {
          "schema_version": 1,
          "attributes": {
            "arn": "arn:aws:ec2:us-east-1:151456088802:security-group/sg-058fbd406d41dded4",
            "description": "Managed by Terraform",
            "egress": [
              {
                "cidr_blocks": [
                  "0.0.0.0/0"
                ],
                "description": "",
                "from_port": 0,
                "ipv6_cidr_blocks": [],
                "prefix_list_ids": [],
                "protocol": "-1",
                "security_groups": [],
                "self": false,
                "to_port": 0
              }
            ],
            "id": "sg-058fbd406d41dded4",
            "ingress": [
              {
                "cidr_blocks": [
                  "0.0.0.0/0"
                ],
                "description": "",
                "from_port": 80,
                "ipv6_cidr_blocks": [],
                "prefix_list_ids": [],
                "protocol": "tcp",
                "security_groups": [],
                "self": false,
                "to_port": 80
              },
              {
                "cidr_blocks": [],
                "description": "",
                "from_port": 0,
                "ipv6_cidr_blocks": [],
                "prefix_list_ids": [],
                "protocol": "-1",
                "security_groups": [],
                "self": true,
                "to_port": 0
              }
            ],
            "name": "terraform-20220810103010354000000004",
            "name_prefix": "terraform-",
            "owner_id": "151456088802",
            "revoke_rules_on_delete": false,
            "tags": {},
            "tags_all": {},
            "timeouts": null,
            "vpc_id": "vpc-0458d1292ba515c4a"
          },
          "sensitive_attributes": [],
          "private": "eyJlMmJmYjczMC1lY2FhLTExZTYtOGY4OC0zNDM2M2JjN2M0YzAiOnsiY3JlYXRlIjo2MDAwMDAwMDAwMDAsImRlbGV0ZSI6OTAwMDAwMDAwMDAwfSwic2NoZW1hX3ZlcnNpb24iOiIxIn0=",
          "dependencies": [
            "module.networking.module.vpc.aws_vpc.this"
          ],
          "create_before_destroy": true
        }
      ]
    },
    {
      "module": "module.networking.module.vpc",
      "mode": "managed",
      "type": "aws_db_subnet_group",
      "name": "database",
      "provider": "provider[\"registry.terraform.io/hashicorp/aws\"]",
      "instances": [
        {
          "index_key": 0,
          "schema_version": 0,
          "attributes": {
            "arn": "arn:aws:rds:us-east-1:151456088802:subgrp:my-cool-project-vpc",
            "description": "Database subnet group for my-cool-project-vpc",
            "id": "my-cool-project-vpc",
            "name": "my-cool-project-vpc",
            "name_prefix": null,
            "subnet_ids": [
              "subnet-018f742597be969e1",
              "subnet-0667d94c9f756796b",
              "subnet-0f2c9308a0aea87c8"
            ],
            "tags": {
              "Name": "my-cool-project-vpc"
            },
            "tags_all": {
              "Name": "my-cool-project-vpc"
            }
          },
          "sensitive_attributes": [],
          "private": "bnVsbA==",
          "dependencies": [
            "module.networking.data.aws_availability_zones.available",
            "module.networking.module.vpc.aws_subnet.database",
            "module.networking.module.vpc.aws_vpc.this",
            "module.networking.module.vpc.aws_vpc_ipv4_cidr_block_association.this"
          ],
          "create_before_destroy": true
        }
      ]
    },
    {
      "module": "module.networking.module.vpc",
      "mode": "managed",
      "type": "aws_eip",
      "name": "nat",
      "provider": "provider[\"registry.terraform.io/hashicorp/aws\"]",
      "instances": [
        {
          "index_key": 0,
          "schema_version": 0,
          "attributes": {
            "address": null,
            "allocation_id": "eipalloc-0290d87bd1619e60e",
            "associate_with_private_ip": null,
            "association_id": "eipassoc-06f13ae397b22e0e2",
            "carrier_ip": "",
            "customer_owned_ip": "",
            "customer_owned_ipv4_pool": "",
            "domain": "vpc",
            "id": "eipalloc-0290d87bd1619e60e",
            "instance": "",
            "network_border_group": "us-east-1",
            "network_interface": "eni-0c0607d80204c5682",
            "private_dns": "ip-10-0-101-235.ec2.internal",
            "private_ip": "10.0.101.235",
            "public_dns": "ec2-52-21-220-134.compute-1.amazonaws.com",
            "public_ip": "52.21.220.134",
            "public_ipv4_pool": "amazon",
            "tags": {
              "Name": "my-cool-project-vpc-us-east-1a"
            },
            "tags_all": {
              "Name": "my-cool-project-vpc-us-east-1a"
            },
            "timeouts": null,
            "vpc": true
          },
          "sensitive_attributes": [],
          "private": "eyJlMmJmYjczMC1lY2FhLTExZTYtOGY4OC0zNDM2M2JjN2M0YzAiOnsiZGVsZXRlIjoxODAwMDAwMDAwMDAsInJlYWQiOjkwMDAwMDAwMDAwMCwidXBkYXRlIjozMDAwMDAwMDAwMDB9fQ==",
          "dependencies": [
            "module.networking.data.aws_availability_zones.available"
          ],
          "create_before_destroy": true
        }
      ]
    },
    {
      "module": "module.networking.module.vpc",
      "mode": "managed",
      "type": "aws_internet_gateway",
      "name": "this",
      "provider": "provider[\"registry.terraform.io/hashicorp/aws\"]",
      "instances": [
        {
          "index_key": 0,
          "schema_version": 0,
          "attributes": {
            "arn": "arn:aws:ec2:us-east-1:151456088802:internet-gateway/igw-0debab7c91dae32b9",
            "id": "igw-0debab7c91dae32b9",
            "owner_id": "151456088802",
            "tags": {
              "Name": "my-cool-project-vpc"
            },
            "tags_all": {
              "Name": "my-cool-project-vpc"
            },
            "vpc_id": "vpc-0458d1292ba515c4a"
          },
          "sensitive_attributes": [],
          "private": "bnVsbA==",
          "dependencies": [
            "module.networking.module.vpc.aws_vpc.this",
            "module.networking.module.vpc.aws_vpc_ipv4_cidr_block_association.this"
          ],
          "create_before_destroy": true
        }
      ]
    },
    {
      "module": "module.networking.module.vpc",
      "mode": "managed",
      "type": "aws_nat_gateway",
      "name": "this",
      "provider": "provider[\"registry.terraform.io/hashicorp/aws\"]",
      "instances": [
        {
          "index_key": 0,
          "schema_version": 0,
          "attributes": {
            "allocation_id": "eipalloc-0290d87bd1619e60e",
            "connectivity_type": "public",
            "id": "nat-00bf60a02d92a59b9",
            "network_interface_id": "eni-0c0607d80204c5682",
            "private_ip": "10.0.101.235",
            "public_ip": "52.21.220.134",
            "subnet_id": "subnet-0eb357b1a044e9cae",
            "tags": {
              "Name": "my-cool-project-vpc-us-east-1a"
            },
            "tags_all": {
              "Name": "my-cool-project-vpc-us-east-1a"
            }
          },
          "sensitive_attributes": [],
          "private": "bnVsbA==",
          "dependencies": [
            "module.networking.data.aws_availability_zones.available",
            "module.networking.module.vpc.aws_eip.nat",
            "module.networking.module.vpc.aws_internet_gateway.this",
            "module.networking.module.vpc.aws_subnet.public",
            "module.networking.module.vpc.aws_vpc.this",
            "module.networking.module.vpc.aws_vpc_ipv4_cidr_block_association.this"
          ],
          "create_before_destroy": true
        }
      ]
    },
    {
      "module": "module.networking.module.vpc",
      "mode": "managed",
      "type": "aws_route",
      "name": "private_nat_gateway",
      "provider": "provider[\"registry.terraform.io/hashicorp/aws\"]",
      "instances": [
        {
          "index_key": 0,
          "schema_version": 0,
          "attributes": {
            "carrier_gateway_id": "",
            "destination_cidr_block": "0.0.0.0/0",
            "destination_ipv6_cidr_block": "",
            "destination_prefix_list_id": "",
            "egress_only_gateway_id": "",
            "gateway_id": "",
            "id": "r-rtb-06958eb8124a343831080289494",
            "instance_id": "",
            "instance_owner_id": "",
            "local_gateway_id": "",
            "nat_gateway_id": "nat-00bf60a02d92a59b9",
            "network_interface_id": "",
            "origin": "CreateRoute",
            "route_table_id": "rtb-06958eb8124a34383",
            "state": "active",
            "timeouts": {
              "create": "5m",
              "delete": null,
              "update": null
            },
            "transit_gateway_id": "",
            "vpc_endpoint_id": "",
            "vpc_peering_connection_id": ""
          },
          "sensitive_attributes": [],
          "private": "eyJlMmJmYjczMC1lY2FhLTExZTYtOGY4OC0zNDM2M2JjN2M0YzAiOnsiY3JlYXRlIjozMDAwMDAwMDAwMDAsImRlbGV0ZSI6MzAwMDAwMDAwMDAwLCJ1cGRhdGUiOjEyMDAwMDAwMDAwMH19",
          "dependencies": [
            "module.networking.data.aws_availability_zones.available",
            "module.networking.module.vpc.aws_eip.nat",
            "module.networking.module.vpc.aws_internet_gateway.this",
            "module.networking.module.vpc.aws_nat_gateway.this",
            "module.networking.module.vpc.aws_route_table.private",
            "module.networking.module.vpc.aws_subnet.public",
            "module.networking.module.vpc.aws_vpc.this",
            "module.networking.module.vpc.aws_vpc_ipv4_cidr_block_association.this"
          ],
          "create_before_destroy": true
        }
      ]
    },
    {
      "module": "module.networking.module.vpc",
      "mode": "managed",
      "type": "aws_route",
      "name": "public_internet_gateway",
      "provider": "provider[\"registry.terraform.io/hashicorp/aws\"]",
      "instances": [
        {
          "index_key": 0,
          "schema_version": 0,
          "attributes": {
            "carrier_gateway_id": "",
            "destination_cidr_block": "0.0.0.0/0",
            "destination_ipv6_cidr_block": "",
            "destination_prefix_list_id": "",
            "egress_only_gateway_id": "",
            "gateway_id": "igw-0debab7c91dae32b9",
            "id": "r-rtb-0ff12d81ea48091e91080289494",
            "instance_id": "",
            "instance_owner_id": "",
            "local_gateway_id": "",
            "nat_gateway_id": "",
            "network_interface_id": "",
            "origin": "CreateRoute",
            "route_table_id": "rtb-0ff12d81ea48091e9",
            "state": "active",
            "timeouts": {
              "create": "5m",
              "delete": null,
              "update": null
            },
            "transit_gateway_id": "",
            "vpc_endpoint_id": "",
            "vpc_peering_connection_id": ""
          },
          "sensitive_attributes": [],
          "private": "eyJlMmJmYjczMC1lY2FhLTExZTYtOGY4OC0zNDM2M2JjN2M0YzAiOnsiY3JlYXRlIjozMDAwMDAwMDAwMDAsImRlbGV0ZSI6MzAwMDAwMDAwMDAwLCJ1cGRhdGUiOjEyMDAwMDAwMDAwMH19",
          "dependencies": [
            "module.networking.module.vpc.aws_internet_gateway.this",
            "module.networking.module.vpc.aws_route_table.public",
            "module.networking.module.vpc.aws_vpc.this",
            "module.networking.module.vpc.aws_vpc_ipv4_cidr_block_association.this"
          ],
          "create_before_destroy": true
        }
      ]
    },
    {
      "module": "module.networking.module.vpc",
      "mode": "managed",
      "type": "aws_route_table",
      "name": "private",
      "provider": "provider[\"registry.terraform.io/hashicorp/aws\"]",
      "instances": [
        {
          "index_key": 0,
          "schema_version": 0,
          "attributes": {
            "arn": "arn:aws:ec2:us-east-1:151456088802:route-table/rtb-06958eb8124a34383",
            "id": "rtb-06958eb8124a34383",
            "owner_id": "151456088802",
            "propagating_vgws": [],
            "route": [
              {
                "carrier_gateway_id": "",
                "cidr_block": "0.0.0.0/0",
                "destination_prefix_list_id": "",
                "egress_only_gateway_id": "",
                "gateway_id": "",
                "instance_id": "",
                "ipv6_cidr_block": "",
                "local_gateway_id": "",
                "nat_gateway_id": "nat-00bf60a02d92a59b9",
                "network_interface_id": "",
                "transit_gateway_id": "",
                "vpc_endpoint_id": "",
                "vpc_peering_connection_id": ""
              }
            ],
            "tags": {
              "Name": "my-cool-project-vpc-private"
            },
            "tags_all": {
              "Name": "my-cool-project-vpc-private"
            },
            "timeouts": null,
            "vpc_id": "vpc-0458d1292ba515c4a"
          },
          "sensitive_attributes": [],
          "private": "eyJlMmJmYjczMC1lY2FhLTExZTYtOGY4OC0zNDM2M2JjN2M0YzAiOnsiY3JlYXRlIjozMDAwMDAwMDAwMDAsImRlbGV0ZSI6MzAwMDAwMDAwMDAwLCJ1cGRhdGUiOjEyMDAwMDAwMDAwMH19",
          "dependencies": [
            "module.networking.data.aws_availability_zones.available",
            "module.networking.module.vpc.aws_vpc.this",
            "module.networking.module.vpc.aws_vpc_ipv4_cidr_block_association.this"
          ],
          "create_before_destroy": true
        }
      ]
    },
    {
      "module": "module.networking.module.vpc",
      "mode": "managed",
      "type": "aws_route_table",
      "name": "public",
      "provider": "provider[\"registry.terraform.io/hashicorp/aws\"]",
      "instances": [
        {
          "index_key": 0,
          "schema_version": 0,
          "attributes": {
            "arn": "arn:aws:ec2:us-east-1:151456088802:route-table/rtb-0ff12d81ea48091e9",
            "id": "rtb-0ff12d81ea48091e9",
            "owner_id": "151456088802",
            "propagating_vgws": [],
            "route": [
              {
                "carrier_gateway_id": "",
                "cidr_block": "0.0.0.0/0",
                "destination_prefix_list_id": "",
                "egress_only_gateway_id": "",
                "gateway_id": "igw-0debab7c91dae32b9",
                "instance_id": "",
                "ipv6_cidr_block": "",
                "local_gateway_id": "",
                "nat_gateway_id": "",
                "network_interface_id": "",
                "transit_gateway_id": "",
                "vpc_endpoint_id": "",
                "vpc_peering_connection_id": ""
              }
            ],
            "tags": {
              "Name": "my-cool-project-vpc-public"
            },
            "tags_all": {
              "Name": "my-cool-project-vpc-public"
            },
            "timeouts": null,
            "vpc_id": "vpc-0458d1292ba515c4a"
          },
          "sensitive_attributes": [],
          "private": "eyJlMmJmYjczMC1lY2FhLTExZTYtOGY4OC0zNDM2M2JjN2M0YzAiOnsiY3JlYXRlIjozMDAwMDAwMDAwMDAsImRlbGV0ZSI6MzAwMDAwMDAwMDAwLCJ1cGRhdGUiOjEyMDAwMDAwMDAwMH19",
          "dependencies": [
            "module.networking.module.vpc.aws_vpc.this",
            "module.networking.module.vpc.aws_vpc_ipv4_cidr_block_association.this"
          ],
          "create_before_destroy": true
        }
      ]
    },
    {
      "module": "module.networking.module.vpc",
      "mode": "managed",
      "type": "aws_route_table_association",
      "name": "database",
      "provider": "provider[\"registry.terraform.io/hashicorp/aws\"]",
      "instances": [
        {
          "index_key": 0,
          "schema_version": 0,
          "attributes": {
            "gateway_id": "",
            "id": "rtbassoc-0f7776a82b3c214eb",
            "route_table_id": "rtb-06958eb8124a34383",
            "subnet_id": "subnet-0667d94c9f756796b"
          },
          "sensitive_attributes": [],
          "private": "bnVsbA==",
          "dependencies": [
            "module.networking.data.aws_availability_zones.available",
            "module.networking.module.vpc.aws_route_table.database",
            "module.networking.module.vpc.aws_route_table.private",
            "module.networking.module.vpc.aws_subnet.database",
            "module.networking.module.vpc.aws_vpc.this",
            "module.networking.module.vpc.aws_vpc_ipv4_cidr_block_association.this"
          ],
          "create_before_destroy": true
        },
        {
          "index_key": 1,
          "schema_version": 0,
          "attributes": {
            "gateway_id": "",
            "id": "rtbassoc-01ead658e1b012389",
            "route_table_id": "rtb-06958eb8124a34383",
            "subnet_id": "subnet-018f742597be969e1"
          },
          "sensitive_attributes": [],
          "private": "bnVsbA==",
          "dependencies": [
            "module.networking.data.aws_availability_zones.available",
            "module.networking.module.vpc.aws_route_table.database",
            "module.networking.module.vpc.aws_route_table.private",
            "module.networking.module.vpc.aws_subnet.database",
            "module.networking.module.vpc.aws_vpc.this",
            "module.networking.module.vpc.aws_vpc_ipv4_cidr_block_association.this"
          ],
          "create_before_destroy": true
        },
        {
          "index_key": 2,
          "schema_version": 0,
          "attributes": {
            "gateway_id": "",
            "id": "rtbassoc-09fb177229f19ea8a",
            "route_table_id": "rtb-06958eb8124a34383",
            "subnet_id": "subnet-0f2c9308a0aea87c8"
          },
          "sensitive_attributes": [],
          "private": "bnVsbA==",
          "dependencies": [
            "module.networking.data.aws_availability_zones.available",
            "module.networking.module.vpc.aws_route_table.database",
            "module.networking.module.vpc.aws_route_table.private",
            "module.networking.module.vpc.aws_subnet.database",
            "module.networking.module.vpc.aws_vpc.this",
            "module.networking.module.vpc.aws_vpc_ipv4_cidr_block_association.this"
          ],
          "create_before_destroy": true
        }
      ]
    },
    {
      "module": "module.networking.module.vpc",
      "mode": "managed",
      "type": "aws_route_table_association",
      "name": "private",
      "provider": "provider[\"registry.terraform.io/hashicorp/aws\"]",
      "instances": [
        {
          "index_key": 0,
          "schema_version": 0,
          "attributes": {
            "gateway_id": "",
            "id": "rtbassoc-0e7a0b55142605957",
            "route_table_id": "rtb-06958eb8124a34383",
            "subnet_id": "subnet-04a34f79a0e10e6e6"
          },
          "sensitive_attributes": [],
          "private": "bnVsbA==",
          "dependencies": [
            "module.networking.data.aws_availability_zones.available",
            "module.networking.module.vpc.aws_route_table.private",
            "module.networking.module.vpc.aws_subnet.private",
            "module.networking.module.vpc.aws_vpc.this",
            "module.networking.module.vpc.aws_vpc_ipv4_cidr_block_association.this"
          ],
          "create_before_destroy": true
        },
        {
          "index_key": 1,
          "schema_version": 0,
          "attributes": {
            "gateway_id": "",
            "id": "rtbassoc-0c1d046ecc6c9ef04",
            "route_table_id": "rtb-06958eb8124a34383",
            "subnet_id": "subnet-0739fc8c008db7779"
          },
          "sensitive_attributes": [],
          "private": "bnVsbA==",
          "dependencies": [
            "module.networking.data.aws_availability_zones.available",
            "module.networking.module.vpc.aws_route_table.private",
            "module.networking.module.vpc.aws_subnet.private",
            "module.networking.module.vpc.aws_vpc.this",
            "module.networking.module.vpc.aws_vpc_ipv4_cidr_block_association.this"
          ],
          "create_before_destroy": true
        },
        {
          "index_key": 2,
          "schema_version": 0,
          "attributes": {
            "gateway_id": "",
            "id": "rtbassoc-03164578cfb417db2",
            "route_table_id": "rtb-06958eb8124a34383",
            "subnet_id": "subnet-0f601a5e20583fe6e"
          },
          "sensitive_attributes": [],
          "private": "bnVsbA==",
          "dependencies": [
            "module.networking.data.aws_availability_zones.available",
            "module.networking.module.vpc.aws_route_table.private",
            "module.networking.module.vpc.aws_subnet.private",
            "module.networking.module.vpc.aws_vpc.this",
            "module.networking.module.vpc.aws_vpc_ipv4_cidr_block_association.this"
          ],
          "create_before_destroy": true
        }
      ]
    },
    {
      "module": "module.networking.module.vpc",
      "mode": "managed",
      "type": "aws_route_table_association",
      "name": "public",
      "provider": "provider[\"registry.terraform.io/hashicorp/aws\"]",
      "instances": [
        {
          "index_key": 0,
          "schema_version": 0,
          "attributes": {
            "gateway_id": "",
            "id": "rtbassoc-0824b12a4b1bee1b8",
            "route_table_id": "rtb-0ff12d81ea48091e9",
            "subnet_id": "subnet-0eb357b1a044e9cae"
          },
          "sensitive_attributes": [],
          "private": "bnVsbA==",
          "dependencies": [
            "module.networking.data.aws_availability_zones.available",
            "module.networking.module.vpc.aws_route_table.public",
            "module.networking.module.vpc.aws_subnet.public",
            "module.networking.module.vpc.aws_vpc.this",
            "module.networking.module.vpc.aws_vpc_ipv4_cidr_block_association.this"
          ],
          "create_before_destroy": true
        },
        {
          "index_key": 1,
          "schema_version": 0,
          "attributes": {
            "gateway_id": "",
            "id": "rtbassoc-055fadea9228e9913",
            "route_table_id": "rtb-0ff12d81ea48091e9",
            "subnet_id": "subnet-0780b45fef8d47938"
          },
          "sensitive_attributes": [],
          "private": "bnVsbA==",
          "dependencies": [
            "module.networking.data.aws_availability_zones.available",
            "module.networking.module.vpc.aws_route_table.public",
            "module.networking.module.vpc.aws_subnet.public",
            "module.networking.module.vpc.aws_vpc.this",
            "module.networking.module.vpc.aws_vpc_ipv4_cidr_block_association.this"
          ],
          "create_before_destroy": true
        },
        {
          "index_key": 2,
          "schema_version": 0,
          "attributes": {
            "gateway_id": "",
            "id": "rtbassoc-00c398b60b55d53ae",
            "route_table_id": "rtb-0ff12d81ea48091e9",
            "subnet_id": "subnet-0f4e4ae2494c2b8d2"
          },
          "sensitive_attributes": [],
          "private": "bnVsbA==",
          "dependencies": [
            "module.networking.data.aws_availability_zones.available",
            "module.networking.module.vpc.aws_route_table.public",
            "module.networking.module.vpc.aws_subnet.public",
            "module.networking.module.vpc.aws_vpc.this",
            "module.networking.module.vpc.aws_vpc_ipv4_cidr_block_association.this"
          ],
          "create_before_destroy": true
        }
      ]
    },
    {
      "module": "module.networking.module.vpc",
      "mode": "managed",
      "type": "aws_subnet",
      "name": "database",
      "provider": "provider[\"registry.terraform.io/hashicorp/aws\"]",
      "instances": [
        {
          "index_key": 0,
          "schema_version": 1,
          "attributes": {
            "arn": "arn:aws:ec2:us-east-1:151456088802:subnet/subnet-0667d94c9f756796b",
            "assign_ipv6_address_on_creation": false,
            "availability_zone": "us-east-1a",
            "availability_zone_id": "use1-az6",
            "cidr_block": "10.0.21.0/24",
            "customer_owned_ipv4_pool": "",
            "enable_dns64": false,
            "enable_resource_name_dns_a_record_on_launch": false,
            "enable_resource_name_dns_aaaa_record_on_launch": false,
            "id": "subnet-0667d94c9f756796b",
            "ipv6_cidr_block": "",
            "ipv6_cidr_block_association_id": "",
            "ipv6_native": false,
            "map_customer_owned_ip_on_launch": false,
            "map_public_ip_on_launch": false,
            "outpost_arn": "",
            "owner_id": "151456088802",
            "private_dns_hostname_type_on_launch": "ip-name",
            "tags": {
              "Name": "my-cool-project-vpc-db-us-east-1a"
            },
            "tags_all": {
              "Name": "my-cool-project-vpc-db-us-east-1a"
            },
            "timeouts": null,
            "vpc_id": "vpc-0458d1292ba515c4a"
          },
          "sensitive_attributes": [],
          "private": "eyJlMmJmYjczMC1lY2FhLTExZTYtOGY4OC0zNDM2M2JjN2M0YzAiOnsiY3JlYXRlIjo2MDAwMDAwMDAwMDAsImRlbGV0ZSI6MTIwMDAwMDAwMDAwMH0sInNjaGVtYV92ZXJzaW9uIjoiMSJ9",
          "dependencies": [
            "module.networking.data.aws_availability_zones.available",
            "module.networking.module.vpc.aws_vpc.this",
            "module.networking.module.vpc.aws_vpc_ipv4_cidr_block_association.this"
          ],
          "create_before_destroy": true
        },
        {
          "index_key": 1,
          "schema_version": 1,
          "attributes": {
            "arn": "arn:aws:ec2:us-east-1:151456088802:subnet/subnet-018f742597be969e1",
            "assign_ipv6_address_on_creation": false,
            "availability_zone": "us-east-1b",
            "availability_zone_id": "use1-az1",
            "cidr_block": "10.0.22.0/24",
            "customer_owned_ipv4_pool": "",
            "enable_dns64": false,
            "enable_resource_name_dns_a_record_on_launch": false,
            "enable_resource_name_dns_aaaa_record_on_launch": false,
            "id": "subnet-018f742597be969e1",
            "ipv6_cidr_block": "",
            "ipv6_cidr_block_association_id": "",
            "ipv6_native": false,
            "map_customer_owned_ip_on_launch": false,
            "map_public_ip_on_launch": false,
            "outpost_arn": "",
            "owner_id": "151456088802",
            "private_dns_hostname_type_on_launch": "ip-name",
            "tags": {
              "Name": "my-cool-project-vpc-db-us-east-1b"
            },
            "tags_all": {
              "Name": "my-cool-project-vpc-db-us-east-1b"
            },
            "timeouts": null,
            "vpc_id": "vpc-0458d1292ba515c4a"
          },
          "sensitive_attributes": [],
          "private": "eyJlMmJmYjczMC1lY2FhLTExZTYtOGY4OC0zNDM2M2JjN2M0YzAiOnsiY3JlYXRlIjo2MDAwMDAwMDAwMDAsImRlbGV0ZSI6MTIwMDAwMDAwMDAwMH0sInNjaGVtYV92ZXJzaW9uIjoiMSJ9",
          "dependencies": [
            "module.networking.data.aws_availability_zones.available",
            "module.networking.module.vpc.aws_vpc.this",
            "module.networking.module.vpc.aws_vpc_ipv4_cidr_block_association.this"
          ],
          "create_before_destroy": true
        },
        {
          "index_key": 2,
          "schema_version": 1,
          "attributes": {
            "arn": "arn:aws:ec2:us-east-1:151456088802:subnet/subnet-0f2c9308a0aea87c8",
            "assign_ipv6_address_on_creation": false,
            "availability_zone": "us-east-1c",
            "availability_zone_id": "use1-az2",
            "cidr_block": "10.0.23.0/24",
            "customer_owned_ipv4_pool": "",
            "enable_dns64": false,
            "enable_resource_name_dns_a_record_on_launch": false,
            "enable_resource_name_dns_aaaa_record_on_launch": false,
            "id": "subnet-0f2c9308a0aea87c8",
            "ipv6_cidr_block": "",
            "ipv6_cidr_block_association_id": "",
            "ipv6_native": false,
            "map_customer_owned_ip_on_launch": false,
            "map_public_ip_on_launch": false,
            "outpost_arn": "",
            "owner_id": "151456088802",
            "private_dns_hostname_type_on_launch": "ip-name",
            "tags": {
              "Name": "my-cool-project-vpc-db-us-east-1c"
            },
            "tags_all": {
              "Name": "my-cool-project-vpc-db-us-east-1c"
            },
            "timeouts": null,
            "vpc_id": "vpc-0458d1292ba515c4a"
          },
          "sensitive_attributes": [],
          "private": "eyJlMmJmYjczMC1lY2FhLTExZTYtOGY4OC0zNDM2M2JjN2M0YzAiOnsiY3JlYXRlIjo2MDAwMDAwMDAwMDAsImRlbGV0ZSI6MTIwMDAwMDAwMDAwMH0sInNjaGVtYV92ZXJzaW9uIjoiMSJ9",
          "dependencies": [
            "module.networking.data.aws_availability_zones.available",
            "module.networking.module.vpc.aws_vpc.this",
            "module.networking.module.vpc.aws_vpc_ipv4_cidr_block_association.this"
          ],
          "create_before_destroy": true
        }
      ]
    },
    {
      "module": "module.networking.module.vpc",
      "mode": "managed",
      "type": "aws_subnet",
      "name": "private",
      "provider": "provider[\"registry.terraform.io/hashicorp/aws\"]",
      "instances": [
        {
          "index_key": 0,
          "schema_version": 1,
          "attributes": {
            "arn": "arn:aws:ec2:us-east-1:151456088802:subnet/subnet-04a34f79a0e10e6e6",
            "assign_ipv6_address_on_creation": false,
            "availability_zone": "us-east-1a",
            "availability_zone_id": "use1-az6",
            "cidr_block": "10.0.1.0/24",
            "customer_owned_ipv4_pool": "",
            "enable_dns64": false,
            "enable_resource_name_dns_a_record_on_launch": false,
            "enable_resource_name_dns_aaaa_record_on_launch": false,
            "id": "subnet-04a34f79a0e10e6e6",
            "ipv6_cidr_block": "",
            "ipv6_cidr_block_association_id": "",
            "ipv6_native": false,
            "map_customer_owned_ip_on_launch": false,
            "map_public_ip_on_launch": false,
            "outpost_arn": "",
            "owner_id": "151456088802",
            "private_dns_hostname_type_on_launch": "ip-name",
            "tags": {
              "Name": "my-cool-project-vpc-private-us-east-1a"
            },
            "tags_all": {
              "Name": "my-cool-project-vpc-private-us-east-1a"
            },
            "timeouts": null,
            "vpc_id": "vpc-0458d1292ba515c4a"
          },
          "sensitive_attributes": [],
          "private": "eyJlMmJmYjczMC1lY2FhLTExZTYtOGY4OC0zNDM2M2JjN2M0YzAiOnsiY3JlYXRlIjo2MDAwMDAwMDAwMDAsImRlbGV0ZSI6MTIwMDAwMDAwMDAwMH0sInNjaGVtYV92ZXJzaW9uIjoiMSJ9",
          "dependencies": [
            "module.networking.data.aws_availability_zones.available",
            "module.networking.module.vpc.aws_vpc.this",
            "module.networking.module.vpc.aws_vpc_ipv4_cidr_block_association.this"
          ],
          "create_before_destroy": true
        },
        {
          "index_key": 1,
          "schema_version": 1,
          "attributes": {
            "arn": "arn:aws:ec2:us-east-1:151456088802:subnet/subnet-0739fc8c008db7779",
            "assign_ipv6_address_on_creation": false,
            "availability_zone": "us-east-1b",
            "availability_zone_id": "use1-az1",
            "cidr_block": "10.0.2.0/24",
            "customer_owned_ipv4_pool": "",
            "enable_dns64": false,
            "enable_resource_name_dns_a_record_on_launch": false,
            "enable_resource_name_dns_aaaa_record_on_launch": false,
            "id": "subnet-0739fc8c008db7779",
            "ipv6_cidr_block": "",
            "ipv6_cidr_block_association_id": "",
            "ipv6_native": false,
            "map_customer_owned_ip_on_launch": false,
            "map_public_ip_on_launch": false,
            "outpost_arn": "",
            "owner_id": "151456088802",
            "private_dns_hostname_type_on_launch": "ip-name",
            "tags": {
              "Name": "my-cool-project-vpc-private-us-east-1b"
            },
            "tags_all": {
              "Name": "my-cool-project-vpc-private-us-east-1b"
            },
            "timeouts": null,
            "vpc_id": "vpc-0458d1292ba515c4a"
          },
          "sensitive_attributes": [],
          "private": "eyJlMmJmYjczMC1lY2FhLTExZTYtOGY4OC0zNDM2M2JjN2M0YzAiOnsiY3JlYXRlIjo2MDAwMDAwMDAwMDAsImRlbGV0ZSI6MTIwMDAwMDAwMDAwMH0sInNjaGVtYV92ZXJzaW9uIjoiMSJ9",
          "dependencies": [
            "module.networking.data.aws_availability_zones.available",
            "module.networking.module.vpc.aws_vpc.this",
            "module.networking.module.vpc.aws_vpc_ipv4_cidr_block_association.this"
          ],
          "create_before_destroy": true
        },
        {
          "index_key": 2,
          "schema_version": 1,
          "attributes": {
            "arn": "arn:aws:ec2:us-east-1:151456088802:subnet/subnet-0f601a5e20583fe6e",
            "assign_ipv6_address_on_creation": false,
            "availability_zone": "us-east-1c",
            "availability_zone_id": "use1-az2",
            "cidr_block": "10.0.3.0/24",
            "customer_owned_ipv4_pool": "",
            "enable_dns64": false,
            "enable_resource_name_dns_a_record_on_launch": false,
            "enable_resource_name_dns_aaaa_record_on_launch": false,
            "id": "subnet-0f601a5e20583fe6e",
            "ipv6_cidr_block": "",
            "ipv6_cidr_block_association_id": "",
            "ipv6_native": false,
            "map_customer_owned_ip_on_launch": false,
            "map_public_ip_on_launch": false,
            "outpost_arn": "",
            "owner_id": "151456088802",
            "private_dns_hostname_type_on_launch": "ip-name",
            "tags": {
              "Name": "my-cool-project-vpc-private-us-east-1c"
            },
            "tags_all": {
              "Name": "my-cool-project-vpc-private-us-east-1c"
            },
            "timeouts": null,
            "vpc_id": "vpc-0458d1292ba515c4a"
          },
          "sensitive_attributes": [],
          "private": "eyJlMmJmYjczMC1lY2FhLTExZTYtOGY4OC0zNDM2M2JjN2M0YzAiOnsiY3JlYXRlIjo2MDAwMDAwMDAwMDAsImRlbGV0ZSI6MTIwMDAwMDAwMDAwMH0sInNjaGVtYV92ZXJzaW9uIjoiMSJ9",
          "dependencies": [
            "module.networking.data.aws_availability_zones.available",
            "module.networking.module.vpc.aws_vpc.this",
            "module.networking.module.vpc.aws_vpc_ipv4_cidr_block_association.this"
          ],
          "create_before_destroy": true
        }
      ]
    },
    {
      "module": "module.networking.module.vpc",
      "mode": "managed",
      "type": "aws_subnet",
      "name": "public",
      "provider": "provider[\"registry.terraform.io/hashicorp/aws\"]",
      "instances": [
        {
          "index_key": 0,
          "schema_version": 1,
          "attributes": {
            "arn": "arn:aws:ec2:us-east-1:151456088802:subnet/subnet-0eb357b1a044e9cae",
            "assign_ipv6_address_on_creation": false,
            "availability_zone": "us-east-1a",
            "availability_zone_id": "use1-az6",
            "cidr_block": "10.0.101.0/24",
            "customer_owned_ipv4_pool": "",
            "enable_dns64": false,
            "enable_resource_name_dns_a_record_on_launch": false,
            "enable_resource_name_dns_aaaa_record_on_launch": false,
            "id": "subnet-0eb357b1a044e9cae",
            "ipv6_cidr_block": "",
            "ipv6_cidr_block_association_id": "",
            "ipv6_native": false,
            "map_customer_owned_ip_on_launch": false,
            "map_public_ip_on_launch": true,
            "outpost_arn": "",
            "owner_id": "151456088802",
            "private_dns_hostname_type_on_launch": "ip-name",
            "tags": {
              "Name": "my-cool-project-vpc-public-us-east-1a"
            },
            "tags_all": {
              "Name": "my-cool-project-vpc-public-us-east-1a"
            },
            "timeouts": null,
            "vpc_id": "vpc-0458d1292ba515c4a"
          },
          "sensitive_attributes": [],
          "private": "eyJlMmJmYjczMC1lY2FhLTExZTYtOGY4OC0zNDM2M2JjN2M0YzAiOnsiY3JlYXRlIjo2MDAwMDAwMDAwMDAsImRlbGV0ZSI6MTIwMDAwMDAwMDAwMH0sInNjaGVtYV92ZXJzaW9uIjoiMSJ9",
          "dependencies": [
            "module.networking.data.aws_availability_zones.available",
            "module.networking.module.vpc.aws_vpc.this",
            "module.networking.module.vpc.aws_vpc_ipv4_cidr_block_association.this"
          ],
          "create_before_destroy": true
        },
        {
          "index_key": 1,
          "schema_version": 1,
          "attributes": {
            "arn": "arn:aws:ec2:us-east-1:151456088802:subnet/subnet-0780b45fef8d47938",
            "assign_ipv6_address_on_creation": false,
            "availability_zone": "us-east-1b",
            "availability_zone_id": "use1-az1",
            "cidr_block": "10.0.102.0/24",
            "customer_owned_ipv4_pool": "",
            "enable_dns64": false,
            "enable_resource_name_dns_a_record_on_launch": false,
            "enable_resource_name_dns_aaaa_record_on_launch": false,
            "id": "subnet-0780b45fef8d47938",
            "ipv6_cidr_block": "",
            "ipv6_cidr_block_association_id": "",
            "ipv6_native": false,
            "map_customer_owned_ip_on_launch": false,
            "map_public_ip_on_launch": true,
            "outpost_arn": "",
            "owner_id": "151456088802",
            "private_dns_hostname_type_on_launch": "ip-name",
            "tags": {
              "Name": "my-cool-project-vpc-public-us-east-1b"
            },
            "tags_all": {
              "Name": "my-cool-project-vpc-public-us-east-1b"
            },
            "timeouts": null,
            "vpc_id": "vpc-0458d1292ba515c4a"
          },
          "sensitive_attributes": [],
          "private": "eyJlMmJmYjczMC1lY2FhLTExZTYtOGY4OC0zNDM2M2JjN2M0YzAiOnsiY3JlYXRlIjo2MDAwMDAwMDAwMDAsImRlbGV0ZSI6MTIwMDAwMDAwMDAwMH0sInNjaGVtYV92ZXJzaW9uIjoiMSJ9",
          "dependencies": [
            "module.networking.data.aws_availability_zones.available",
            "module.networking.module.vpc.aws_vpc.this",
            "module.networking.module.vpc.aws_vpc_ipv4_cidr_block_association.this"
          ],
          "create_before_destroy": true
        },
        {
          "index_key": 2,
          "schema_version": 1,
          "attributes": {
            "arn": "arn:aws:ec2:us-east-1:151456088802:subnet/subnet-0f4e4ae2494c2b8d2",
            "assign_ipv6_address_on_creation": false,
            "availability_zone": "us-east-1c",
            "availability_zone_id": "use1-az2",
            "cidr_block": "10.0.103.0/24",
            "customer_owned_ipv4_pool": "",
            "enable_dns64": false,
            "enable_resource_name_dns_a_record_on_launch": false,
            "enable_resource_name_dns_aaaa_record_on_launch": false,
            "id": "subnet-0f4e4ae2494c2b8d2",
            "ipv6_cidr_block": "",
            "ipv6_cidr_block_association_id": "",
            "ipv6_native": false,
            "map_customer_owned_ip_on_launch": false,
            "map_public_ip_on_launch": true,
            "outpost_arn": "",
            "owner_id": "151456088802",
            "private_dns_hostname_type_on_launch": "ip-name",
            "tags": {
              "Name": "my-cool-project-vpc-public-us-east-1c"
            },
            "tags_all": {
              "Name": "my-cool-project-vpc-public-us-east-1c"
            },
            "timeouts": null,
            "vpc_id": "vpc-0458d1292ba515c4a"
          },
          "sensitive_attributes": [],
          "private": "eyJlMmJmYjczMC1lY2FhLTExZTYtOGY4OC0zNDM2M2JjN2M0YzAiOnsiY3JlYXRlIjo2MDAwMDAwMDAwMDAsImRlbGV0ZSI6MTIwMDAwMDAwMDAwMH0sInNjaGVtYV92ZXJzaW9uIjoiMSJ9",
          "dependencies": [
            "module.networking.data.aws_availability_zones.available",
            "module.networking.module.vpc.aws_vpc.this",
            "module.networking.module.vpc.aws_vpc_ipv4_cidr_block_association.this"
          ],
          "create_before_destroy": true
        }
      ]
    },
    {
      "module": "module.networking.module.vpc",
      "mode": "managed",
      "type": "aws_vpc",
      "name": "this",
      "provider": "provider[\"registry.terraform.io/hashicorp/aws\"]",
      "instances": [
        {
          "index_key": 0,
          "schema_version": 1,
          "attributes": {
            "arn": "arn:aws:ec2:us-east-1:151456088802:vpc/vpc-0458d1292ba515c4a",
            "assign_generated_ipv6_cidr_block": false,
            "cidr_block": "10.0.0.0/16",
            "default_network_acl_id": "acl-0c2f09554ad08e501",
            "default_route_table_id": "rtb-04fb3441dc5b0df17",
            "default_security_group_id": "sg-040da80fc347a6540",
            "dhcp_options_id": "dopt-02916acbbfc0f3b26",
            "enable_classiclink": false,
            "enable_classiclink_dns_support": false,
            "enable_dns_hostnames": false,
            "enable_dns_support": true,
            "id": "vpc-0458d1292ba515c4a",
            "instance_tenancy": "default",
            "ipv4_ipam_pool_id": null,
            "ipv4_netmask_length": null,
            "ipv6_association_id": "",
            "ipv6_cidr_block": "",
            "ipv6_cidr_block_network_border_group": "",
            "ipv6_ipam_pool_id": "",
            "ipv6_netmask_length": 0,
            "main_route_table_id": "rtb-04fb3441dc5b0df17",
            "owner_id": "151456088802",
            "tags": {
              "Name": "my-cool-project-vpc"
            },
            "tags_all": {
              "Name": "my-cool-project-vpc"
            }
          },
          "sensitive_attributes": [],
          "private": "eyJzY2hlbWFfdmVyc2lvbiI6IjEifQ==",
          "create_before_destroy": true
        }
      ]
    },
    {
      "module": "module.networking.module.websvr_sg",
      "mode": "managed",
      "type": "aws_security_group",
      "name": "security_group",
      "provider": "provider[\"registry.terraform.io/hashicorp/aws\"]",
      "instances": [
        {
          "schema_version": 1,
          "attributes": {
            "arn": "arn:aws:ec2:us-east-1:151456088802:security-group/sg-0924a388fbeab087e",
            "description": "Managed by Terraform",
            "egress": [
              {
                "cidr_blocks": [
                  "0.0.0.0/0"
                ],
                "description": "",
                "from_port": 0,
                "ipv6_cidr_blocks": [],
                "prefix_list_ids": [],
                "protocol": "-1",
                "security_groups": [],
                "self": false,
                "to_port": 0
              }
            ],
            "id": "sg-0924a388fbeab087e",
            "ingress": [
              {
                "cidr_blocks": [
                  "10.0.0.0/16"
                ],
                "description": "",
                "from_port": 22,
                "ipv6_cidr_blocks": [],
                "prefix_list_ids": [],
                "protocol": "tcp",
                "security_groups": [],
                "self": false,
                "to_port": 22
              },
              {
                "cidr_blocks": [],
                "description": "",
                "from_port": 0,
                "ipv6_cidr_blocks": [],
                "prefix_list_ids": [],
                "protocol": "-1",
                "security_groups": [],
                "self": true,
                "to_port": 0
              },
              {
                "cidr_blocks": [],
                "description": "",
                "from_port": 8080,
                "ipv6_cidr_blocks": [],
                "prefix_list_ids": [],
                "protocol": "tcp",
                "security_groups": [
                  "sg-058fbd406d41dded4"
                ],
                "self": false,
                "to_port": 8080
              }
            ],
            "name": "terraform-20220810103023319700000005",
            "name_prefix": "terraform-",
            "owner_id": "151456088802",
            "revoke_rules_on_delete": false,
            "tags": {},
            "tags_all": {},
            "timeouts": null,
            "vpc_id": "vpc-0458d1292ba515c4a"
          },
          "sensitive_attributes": [],
          "private": "eyJlMmJmYjczMC1lY2FhLTExZTYtOGY4OC0zNDM2M2JjN2M0YzAiOnsiY3JlYXRlIjo2MDAwMDAwMDAwMDAsImRlbGV0ZSI6OTAwMDAwMDAwMDAwfSwic2NoZW1hX3ZlcnNpb24iOiIxIn0=",
          "dependencies": [
            "module.networking.module.lb_sg.aws_security_group.security_group",
            "module.networking.module.vpc.aws_vpc.this"
          ],
          "create_before_destroy": true
        }
      ]
    }
  ]
}
